// !$*UTF8*$!
{
	archiveVersion = 1;
	classes = {
	};
	objectVersion = 50;
	objects = {

/* Begin PBXBuildFile section */
		F300066124BA90F3008EE096 /* PrintImageList.cpp in Sources */ = {isa = PBXBuildFile; fileRef = F300066024BA90F3008EE096 /* PrintImageList.cpp */; };
		F300066424BC31D3008EE096 /* DscImageMemory.cpp in Sources */ = {isa = PBXBuildFile; fileRef = F300066324BC31D3008EE096 /* DscImageMemory.cpp */; };
		F3104AC42431960E00B24FEB /* main.cpp in Sources */ = {isa = PBXBuildFile; fileRef = F3104AC32431960E00B24FEB /* main.cpp */; };
		F314A9DE24AFF67C00796991 /* PrintSymbolPtrSection.cpp in Sources */ = {isa = PBXBuildFile; fileRef = F314A9DD24AFF67C00796991 /* PrintSymbolPtrSection.cpp */; };
		F314A9E124B0314400796991 /* SymbolTableUtil.cpp in Sources */ = {isa = PBXBuildFile; fileRef = F314A9E024B0314400796991 /* SymbolTableUtil.cpp */; };
		F33E8CD42473B267009C4EA0 /* ExportTrie.cpp in Sources */ = {isa = PBXBuildFile; fileRef = F33E8CD32473B267009C4EA0 /* ExportTrie.cpp */; };
		F33E8CD62473B61B009C4EA0 /* BindInfo.cpp in Sources */ = {isa = PBXBuildFile; fileRef = F33E8CD52473B61B009C4EA0 /* BindInfo.cpp */; };
		F33E8CD92473C044009C4EA0 /* RebaseInfo.cpp in Sources */ = {isa = PBXBuildFile; fileRef = F33E8CD82473C044009C4EA0 /* RebaseInfo.cpp */; };
		F33EC4FE24C27E1900A8DB06 /* SegmentUtil.cpp in Sources */ = {isa = PBXBuildFile; fileRef = F33EC4FD24C27E1900A8DB06 /* SegmentUtil.cpp */; };
		F348C8A524AB457C007D83CB /* PrintCStringSection.cpp in Sources */ = {isa = PBXBuildFile; fileRef = F348C8A424AB457C007D83CB /* PrintCStringSection.cpp */; };
		F35FF7F024486A4800BEF782 /* PrintLoadCommands.cpp in Sources */ = {isa = PBXBuildFile; fileRef = F35FF7EF24486A4800BEF782 /* PrintLoadCommands.cpp */; };
		F35FF7F524486A6600BEF782 /* LoadCommandStorage.cpp in Sources */ = {isa = PBXBuildFile; fileRef = F35FF7F324486A6600BEF782 /* LoadCommandStorage.cpp */; };
		F35FF7F624486A6600BEF782 /* LoadCommands.cpp in Sources */ = {isa = PBXBuildFile; fileRef = F35FF7F424486A6600BEF782 /* LoadCommands.cpp */; };
		F369E4102480E66D00F5A5E8 /* PrintBindActionList.cpp in Sources */ = {isa = PBXBuildFile; fileRef = F369E40F2480E66D00F5A5E8 /* PrintBindActionList.cpp */; };
		F36FBF8524380E000075D461 /* LocationRange.cpp in Sources */ = {isa = PBXBuildFile; fileRef = F36FBF8024380E000075D461 /* LocationRange.cpp */; };
		F36FBF8624380E000075D461 /* FileDescriptor.cpp in Sources */ = {isa = PBXBuildFile; fileRef = F36FBF8124380E000075D461 /* FileDescriptor.cpp */; };
		F36FBF8724380E000075D461 /* MachO.cpp in Sources */ = {isa = PBXBuildFile; fileRef = F36FBF8224380E000075D461 /* MachO.cpp */; };
		F36FBF8824380E000075D461 /* MappedFile.cpp in Sources */ = {isa = PBXBuildFile; fileRef = F36FBF8324380E000075D461 /* MappedFile.cpp */; };
		F36FBF8924380E000075D461 /* MemoryMap.cpp in Sources */ = {isa = PBXBuildFile; fileRef = F36FBF8424380E000075D461 /* MemoryMap.cpp */; };
		F3840EB42481FE16003AD004 /* PrintRebaseActionList.cpp in Sources */ = {isa = PBXBuildFile; fileRef = F3840EB32481FE16003AD004 /* PrintRebaseActionList.cpp */; };
		F3840EB62481FE26003AD004 /* PrintRebaseOpcodeList.cpp in Sources */ = {isa = PBXBuildFile; fileRef = F3840EB52481FE26003AD004 /* PrintRebaseOpcodeList.cpp */; };
		F38A993124C2DA6A00AB74F3 /* ExportTrieUtil.cpp in Sources */ = {isa = PBXBuildFile; fileRef = F38A993024C2DA6A00AB74F3 /* ExportTrieUtil.cpp */; };
		F38FCE6124876FE500920AB1 /* ByteVector.cpp in Sources */ = {isa = PBXBuildFile; fileRef = F38FCE6024876FE500920AB1 /* ByteVector.cpp */; };
		F38FCE642487793B00920AB1 /* SwapRanges.cpp in Sources */ = {isa = PBXBuildFile; fileRef = F38FCE632487793B00920AB1 /* SwapRanges.cpp */; };
		F38FCE672488D88600920AB1 /* PrintUtils.cpp in Sources */ = {isa = PBXBuildFile; fileRef = F38FCE662488D88600920AB1 /* PrintUtils.cpp */; };
		F38FCE6C248B03C800920AB1 /* ExportTrieUtil.cpp in Sources */ = {isa = PBXBuildFile; fileRef = F38FCE6B248B03C800920AB1 /* ExportTrieUtil.cpp */; };
		F38FCF28248DEF0900DCB79F /* OutputFile.cpp in Sources */ = {isa = PBXBuildFile; fileRef = F38FCF27248DEF0900DCB79F /* OutputFile.cpp */; };
		F38FCF2B248EFB3B00DCB79F /* Tree.cpp in Sources */ = {isa = PBXBuildFile; fileRef = F38FCF2A248EFB3B00DCB79F /* Tree.cpp */; };
		F3923E86243C0BA0002479B3 /* MemoryBase.cpp in Sources */ = {isa = PBXBuildFile; fileRef = F3923E83243C0BA0002479B3 /* MemoryBase.cpp */; };
		F3923E87243C0BA0002479B3 /* FatMachOMemory.cpp in Sources */ = {isa = PBXBuildFile; fileRef = F3923E84243C0BA0002479B3 /* FatMachOMemory.cpp */; };
		F3923E88243C0BA0002479B3 /* MachOMemory.cpp in Sources */ = {isa = PBXBuildFile; fileRef = F3923E85243C0BA0002479B3 /* MachOMemory.cpp */; };
		F39740F624B9252D00710C62 /* DscMemory.cpp in Sources */ = {isa = PBXBuildFile; fileRef = F39740F524B9252D00710C62 /* DscMemory.cpp */; };
		F39A9878245FE4F4002C229F /* Path.cpp in Sources */ = {isa = PBXBuildFile; fileRef = F39A9877245FE4F4002C229F /* Path.cpp */; };
		F3A2D2982495A971005DA2D0 /* ObjcUtil.cpp in Sources */ = {isa = PBXBuildFile; fileRef = F3A2D2972495A971005DA2D0 /* ObjcUtil.cpp */; };
		F3A2D29B249AD5B9005DA2D0 /* LoadCommandsCommon.cpp in Sources */ = {isa = PBXBuildFile; fileRef = F3A2D29A249AD5B9005DA2D0 /* LoadCommandsCommon.cpp */; };
		F3A2D2A0249B2163005DA2D0 /* BindUtil.cpp in Sources */ = {isa = PBXBuildFile; fileRef = F3A2D29F249B2163005DA2D0 /* BindUtil.cpp */; };
		F3B196322439B34200AE997A /* Base.cpp in Sources */ = {isa = PBXBuildFile; fileRef = F3B196302439B34200AE997A /* Base.cpp */; };
		F3B2CEC9246504EC0066B7C8 /* PrintFlags.cpp in Sources */ = {isa = PBXBuildFile; fileRef = F3B2CEC8246504EC0066B7C8 /* PrintFlags.cpp */; };
		F3B810B22467B53E00DED4F2 /* PrintExportTrie.cpp in Sources */ = {isa = PBXBuildFile; fileRef = F3B810B12467B53E00DED4F2 /* PrintExportTrie.cpp */; };
		F3BA28B4247096BA009B6BCE /* PrintObjcClassList.cpp in Sources */ = {isa = PBXBuildFile; fileRef = F3BA28B3247096BA009B6BCE /* PrintObjcClassList.cpp */; };
		F3BA28B924709ACD009B6BCE /* SegmentUtil.cpp in Sources */ = {isa = PBXBuildFile; fileRef = F3BA28B824709ACD009B6BCE /* SegmentUtil.cpp */; };
		F3BA28C32471ECC6009B6BCE /* PrintBindSymbolList.cpp in Sources */ = {isa = PBXBuildFile; fileRef = F3BA28C22471ECC6009B6BCE /* PrintBindSymbolList.cpp */; };
		F3BB3090247706AB00706267 /* SharedLibraryUtil.cpp in Sources */ = {isa = PBXBuildFile; fileRef = F3BB308F247706AB00706267 /* SharedLibraryUtil.cpp */; };
		F3CAF1852478B37200050D8D /* PrintBindOpcodeList.cpp in Sources */ = {isa = PBXBuildFile; fileRef = F3CAF1842478B37200050D8D /* PrintBindOpcodeList.cpp */; };
		F3D66214245770BA00270435 /* PrintArchList.cpp in Sources */ = {isa = PBXBuildFile; fileRef = F3D66213245770BA00270435 /* PrintArchList.cpp */; };
		F3D66217245770E200270435 /* RelativeRange.cpp in Sources */ = {isa = PBXBuildFile; fileRef = F3D66216245770E200270435 /* RelativeRange.cpp */; };
		F3DC4DA52452720A0063906C /* PrintSharedLibraries.cpp in Sources */ = {isa = PBXBuildFile; fileRef = F3DC4DA42452720A0063906C /* PrintSharedLibraries.cpp */; };
		F3DC4DA7245272220063906C /* Common.cpp in Sources */ = {isa = PBXBuildFile; fileRef = F3DC4DA6245272220063906C /* Common.cpp */; };
		F3DC4DAD2452E4780063906C /* PrintId.cpp in Sources */ = {isa = PBXBuildFile; fileRef = F3DC4DAC2452E4780063906C /* PrintId.cpp */; };
		F3DC4DB02452F48F0063906C /* Timestamp.cpp in Sources */ = {isa = PBXBuildFile; fileRef = F3DC4DAF2452F48F0063906C /* Timestamp.cpp */; };
		F3DDCBDC2442A08B0051ADD0 /* PrintHeader.cpp in Sources */ = {isa = PBXBuildFile; fileRef = F3DDCBDA2442A08A0051ADD0 /* PrintHeader.cpp */; };
/* End PBXBuildFile section */

/* Begin PBXCopyFilesBuildPhase section */
		F3104AA7243193E100B24FEB /* CopyFiles */ = {
			isa = PBXCopyFilesBuildPhase;
			buildActionMask = 2147483647;
			dstPath = /usr/share/man/man1/;
			dstSubfolderSpec = 0;
			files = (
			);
			runOnlyForDeploymentPostprocessing = 1;
		};
/* End PBXCopyFilesBuildPhase section */

/* Begin PBXFileReference section */
		F300065F24BA90AD008EE096 /* PrintImageList.h */ = {isa = PBXFileReference; lastKnownFileType = sourcecode.c.h; name = PrintImageList.h; path = ../../include/Operations/PrintImageList.h; sourceTree = "<group>"; };
		F300066024BA90F3008EE096 /* PrintImageList.cpp */ = {isa = PBXFileReference; lastKnownFileType = sourcecode.cpp.cpp; name = PrintImageList.cpp; path = ../../src/Operations/PrintImageList.cpp; sourceTree = "<group>"; };
		F300066224BC1DE2008EE096 /* DscImageMemory.h */ = {isa = PBXFileReference; lastKnownFileType = sourcecode.c.h; name = DscImageMemory.h; path = ../../include/Objects/DscImageMemory.h; sourceTree = "<group>"; };
		F300066324BC31D3008EE096 /* DscImageMemory.cpp */ = {isa = PBXFileReference; lastKnownFileType = sourcecode.cpp.cpp; name = DscImageMemory.cpp; path = ../../src/Objects/DscImageMemory.cpp; sourceTree = "<group>"; };
		F3104AA9243193E100B24FEB /* ktool */ = {isa = PBXFileReference; explicitFileType = "compiled.mach-o.executable"; includeInIndex = 0; path = ktool; sourceTree = BUILT_PRODUCTS_DIR; };
		F3104AB92431948B00B24FEB /* DisableIfNotConst.h */ = {isa = PBXFileReference; lastKnownFileType = sourcecode.c.h; name = DisableIfNotConst.h; path = ../../include/TypeTraits/DisableIfNotConst.h; sourceTree = "<group>"; };
		F3104ABA243194D600B24FEB /* DisableIfNotPointer.h */ = {isa = PBXFileReference; lastKnownFileType = sourcecode.c.h; name = DisableIfNotPointer.h; path = ../../include/TypeTraits/DisableIfNotPointer.h; sourceTree = "<group>"; };
		F3104ABB2431950B00B24FEB /* DisableIfNotEnumClass.h */ = {isa = PBXFileReference; lastKnownFileType = sourcecode.c.h; name = DisableIfNotEnumClass.h; path = ../../include/TypeTraits/DisableIfNotEnumClass.h; sourceTree = "<group>"; };
		F3104AC32431960E00B24FEB /* main.cpp */ = {isa = PBXFileReference; lastKnownFileType = sourcecode.cpp.cpp; name = main.cpp; path = ../../src/main.cpp; sourceTree = "<group>"; };
		F3104AC62431966D00B24FEB /* SwitchEndian.h */ = {isa = PBXFileReference; lastKnownFileType = sourcecode.c.h; name = SwitchEndian.h; path = ../../include/Utils/SwitchEndian.h; sourceTree = "<group>"; };
		F314A9D924AFF5C800796991 /* PrintSymbolPtrSection.h */ = {isa = PBXFileReference; lastKnownFileType = sourcecode.c.h; name = PrintSymbolPtrSection.h; path = ../../include/Operations/PrintSymbolPtrSection.h; sourceTree = "<group>"; };
		F314A9DD24AFF67C00796991 /* PrintSymbolPtrSection.cpp */ = {isa = PBXFileReference; fileEncoding = 4; lastKnownFileType = sourcecode.cpp.cpp; name = PrintSymbolPtrSection.cpp; path = ../../src/Operations/PrintSymbolPtrSection.cpp; sourceTree = "<group>"; };
		F314A9DF24B01DA900796991 /* SymbolTableUtil.h */ = {isa = PBXFileReference; lastKnownFileType = sourcecode.c.h; name = SymbolTableUtil.h; path = "../../include/ADT/Mach-O/SymbolTableUtil.h"; sourceTree = "<group>"; };
		F314A9E024B0314400796991 /* SymbolTableUtil.cpp */ = {isa = PBXFileReference; lastKnownFileType = sourcecode.cpp.cpp; name = SymbolTableUtil.cpp; path = "../../src/ADT/Mach-O/SymbolTableUtil.cpp"; sourceTree = "<group>"; };
		F31C4E7E2479B1B50057FE50 /* magic_enum.h */ = {isa = PBXFileReference; lastKnownFileType = sourcecode.c.h; name = magic_enum.h; path = ../../include/External/magic_enum.h; sourceTree = "<group>"; };
		F31C4E7F2479B1EA0057FE50 /* EnumHelper.h */ = {isa = PBXFileReference; lastKnownFileType = sourcecode.c.h; name = EnumHelper.h; path = ../../include/ADT/EnumHelper.h; sourceTree = "<group>"; };
		F31C4E80247BB7370057FE50 /* PointerFlagStorage.h */ = {isa = PBXFileReference; lastKnownFileType = sourcecode.c.h; name = PointerFlagStorage.h; path = ../../include/ADT/PointerFlagStorage.h; sourceTree = "<group>"; };
		F33DFDCF2438503800BF3E47 /* Casting.h */ = {isa = PBXFileReference; lastKnownFileType = sourcecode.c.h; name = Casting.h; path = ../../include/Utils/Casting.h; sourceTree = "<group>"; };
		F33DFDD0243867F900BF3E47 /* IsEnumClass.h */ = {isa = PBXFileReference; lastKnownFileType = sourcecode.c.h; name = IsEnumClass.h; path = ../../include/TypeTraits/IsEnumClass.h; sourceTree = "<group>"; };
		F33DFDD324393B8000BF3E47 /* RemoveAllPointers.h */ = {isa = PBXFileReference; lastKnownFileType = sourcecode.c.h; name = RemoveAllPointers.h; path = ../../include/TypeTraits/RemoveAllPointers.h; sourceTree = "<group>"; };
		F33DFDD424394CEC00BF3E47 /* RemovePointersAndRefs.h */ = {isa = PBXFileReference; lastKnownFileType = sourcecode.c.h; name = RemovePointersAndRefs.h; path = ../../include/TypeTraits/RemovePointersAndRefs.h; sourceTree = "<group>"; };
		F33DFDD524394D4A00BF3E47 /* Identity.h */ = {isa = PBXFileReference; lastKnownFileType = sourcecode.c.h; name = Identity.h; path = ../../include/TypeTraits/Identity.h; sourceTree = "<group>"; };
		F33E8CD02473AA52009C4EA0 /* BindInfo.h */ = {isa = PBXFileReference; lastKnownFileType = sourcecode.c.h; name = BindInfo.h; path = "../../include/ADT/Mach-O/BindInfo.h"; sourceTree = "<group>"; };
		F33E8CD12473AAA0009C4EA0 /* LoadCommandsCommon.h */ = {isa = PBXFileReference; lastKnownFileType = sourcecode.c.h; name = LoadCommandsCommon.h; path = "../../include/ADT/Mach-O/LoadCommandsCommon.h"; sourceTree = "<group>"; };
		F33E8CD22473B0DD009C4EA0 /* ExportTrie.h */ = {isa = PBXFileReference; lastKnownFileType = sourcecode.c.h; name = ExportTrie.h; path = "../../include/ADT/Mach-O/ExportTrie.h"; sourceTree = "<group>"; };
		F33E8CD32473B267009C4EA0 /* ExportTrie.cpp */ = {isa = PBXFileReference; lastKnownFileType = sourcecode.cpp.cpp; name = ExportTrie.cpp; path = "../../src/ADT/Mach-O/ExportTrie.cpp"; sourceTree = "<group>"; };
		F33E8CD52473B61B009C4EA0 /* BindInfo.cpp */ = {isa = PBXFileReference; lastKnownFileType = sourcecode.cpp.cpp; name = BindInfo.cpp; path = "../../src/ADT/Mach-O/BindInfo.cpp"; sourceTree = "<group>"; };
		F33E8CD72473BFB7009C4EA0 /* RebaseInfo.h */ = {isa = PBXFileReference; lastKnownFileType = sourcecode.c.h; name = RebaseInfo.h; path = "../../include/ADT/Mach-O/RebaseInfo.h"; sourceTree = "<group>"; };
		F33E8CD82473C044009C4EA0 /* RebaseInfo.cpp */ = {isa = PBXFileReference; lastKnownFileType = sourcecode.cpp.cpp; name = RebaseInfo.cpp; path = "../../src/ADT/Mach-O/RebaseInfo.cpp"; sourceTree = "<group>"; };
		F33EC4FB24C27D9D00A8DB06 /* SegmentUtil.h */ = {isa = PBXFileReference; lastKnownFileType = sourcecode.c.h; name = SegmentUtil.h; path = ../../include/ADT/DscImage/SegmentUtil.h; sourceTree = "<group>"; };
		F33EC4FD24C27E1900A8DB06 /* SegmentUtil.cpp */ = {isa = PBXFileReference; lastKnownFileType = sourcecode.cpp.cpp; name = SegmentUtil.cpp; path = ../../src/ADT/DscImage/SegmentUtil.cpp; sourceTree = "<group>"; };
		F33EC50124C2A76A00A8DB06 /* DscImage.h */ = {isa = PBXFileReference; lastKnownFileType = sourcecode.c.h; name = DscImage.h; path = ../../include/ADT/DscImage.h; sourceTree = "<group>"; };
		F348C8A324AB4527007D83CB /* PrintCStringSection.h */ = {isa = PBXFileReference; lastKnownFileType = sourcecode.c.h; name = PrintCStringSection.h; path = ../../include/Operations/PrintCStringSection.h; sourceTree = "<group>"; };
		F348C8A424AB457C007D83CB /* PrintCStringSection.cpp */ = {isa = PBXFileReference; lastKnownFileType = sourcecode.cpp.cpp; name = PrintCStringSection.cpp; path = ../../src/Operations/PrintCStringSection.cpp; sourceTree = "<group>"; };
		F35FF7EF24486A4800BEF782 /* PrintLoadCommands.cpp */ = {isa = PBXFileReference; fileEncoding = 4; lastKnownFileType = sourcecode.cpp.cpp; name = PrintLoadCommands.cpp; path = ../../src/Operations/PrintLoadCommands.cpp; sourceTree = "<group>"; };
		F35FF7F324486A6600BEF782 /* LoadCommandStorage.cpp */ = {isa = PBXFileReference; fileEncoding = 4; lastKnownFileType = sourcecode.cpp.cpp; name = LoadCommandStorage.cpp; path = "../../src/ADT/Mach-O/LoadCommandStorage.cpp"; sourceTree = "<group>"; };
		F35FF7F424486A6600BEF782 /* LoadCommands.cpp */ = {isa = PBXFileReference; fileEncoding = 4; lastKnownFileType = sourcecode.cpp.cpp; name = LoadCommands.cpp; path = "../../src/ADT/Mach-O/LoadCommands.cpp"; sourceTree = "<group>"; };
		F35FF7FA24486A8700BEF782 /* MachOLoadCommandPrinter.h */ = {isa = PBXFileReference; lastKnownFileType = sourcecode.c.h; name = MachOLoadCommandPrinter.h; path = ../../include/Utils/MachOLoadCommandPrinter.h; sourceTree = "<group>"; };
		F35FF7FB24486A9000BEF782 /* PrintLoadCommands.h */ = {isa = PBXFileReference; lastKnownFileType = sourcecode.c.h; name = PrintLoadCommands.h; path = ../../include/Operations/PrintLoadCommands.h; sourceTree = "<group>"; };
		F369E40C24808B2800F5A5E8 /* DefaultStructVariable.h */ = {isa = PBXFileReference; lastKnownFileType = sourcecode.c.h; name = DefaultStructVariable.h; path = ../../include/ADT/DefaultStructVariable.h; sourceTree = "<group>"; };
		F369E40D2480982F00F5A5E8 /* DeVirtualizer.h */ = {isa = PBXFileReference; lastKnownFileType = sourcecode.c.h; name = DeVirtualizer.h; path = "../../include/ADT/Mach-O/DeVirtualizer.h"; sourceTree = "<group>"; };
		F369E40E2480E65700F5A5E8 /* PrintBindActionList.h */ = {isa = PBXFileReference; lastKnownFileType = sourcecode.c.h; name = PrintBindActionList.h; path = ../../include/Operations/PrintBindActionList.h; sourceTree = "<group>"; };
		F369E40F2480E66D00F5A5E8 /* PrintBindActionList.cpp */ = {isa = PBXFileReference; lastKnownFileType = sourcecode.cpp.cpp; name = PrintBindActionList.cpp; path = ../../src/Operations/PrintBindActionList.cpp; sourceTree = "<group>"; };
		F36FBF7524380DD40075D461 /* BasicContiguousList.h */ = {isa = PBXFileReference; lastKnownFileType = sourcecode.c.h; name = BasicContiguousList.h; path = ../../include/ADT/BasicContiguousList.h; sourceTree = "<group>"; };
		F36FBF7624380DD40075D461 /* LocationRange.h */ = {isa = PBXFileReference; lastKnownFileType = sourcecode.c.h; name = LocationRange.h; path = ../../include/ADT/LocationRange.h; sourceTree = "<group>"; };
		F36FBF7724380DD40075D461 /* PointerOrError.h */ = {isa = PBXFileReference; lastKnownFileType = sourcecode.c.h; name = PointerOrError.h; path = ../../include/ADT/PointerOrError.h; sourceTree = "<group>"; };
		F36FBF7824380DD40075D461 /* PointerErrorStorage.h */ = {isa = PBXFileReference; lastKnownFileType = sourcecode.c.h; name = PointerErrorStorage.h; path = ../../include/ADT/PointerErrorStorage.h; sourceTree = "<group>"; };
		F36FBF7924380DD40075D461 /* TypedAllocation.h */ = {isa = PBXFileReference; lastKnownFileType = sourcecode.c.h; name = TypedAllocation.h; path = ../../include/ADT/TypedAllocation.h; sourceTree = "<group>"; };
		F36FBF7A24380DD40075D461 /* BasicContiguousIterator.h */ = {isa = PBXFileReference; lastKnownFileType = sourcecode.c.h; name = BasicContiguousIterator.h; path = ../../include/ADT/BasicContiguousIterator.h; sourceTree = "<group>"; };
		F36FBF7B24380DD40075D461 /* FileDescriptor.h */ = {isa = PBXFileReference; lastKnownFileType = sourcecode.c.h; name = FileDescriptor.h; path = ../../include/ADT/FileDescriptor.h; sourceTree = "<group>"; };
		F36FBF7C24380DD40075D461 /* MachO.h */ = {isa = PBXFileReference; lastKnownFileType = sourcecode.c.h; name = MachO.h; path = ../../include/ADT/MachO.h; sourceTree = "<group>"; };
		F36FBF7D24380DD40075D461 /* Allocation.h */ = {isa = PBXFileReference; lastKnownFileType = sourcecode.c.h; name = Allocation.h; path = ../../include/ADT/Allocation.h; sourceTree = "<group>"; };
		F36FBF7E24380DD40075D461 /* BasicWrapperIterator.h */ = {isa = PBXFileReference; lastKnownFileType = sourcecode.c.h; name = BasicWrapperIterator.h; path = ../../include/ADT/BasicWrapperIterator.h; sourceTree = "<group>"; };
		F36FBF7F24380DD40075D461 /* BasicMasksHandler.h */ = {isa = PBXFileReference; lastKnownFileType = sourcecode.c.h; name = BasicMasksHandler.h; path = ../../include/ADT/BasicMasksHandler.h; sourceTree = "<group>"; };
		F36FBF8024380E000075D461 /* LocationRange.cpp */ = {isa = PBXFileReference; fileEncoding = 4; lastKnownFileType = sourcecode.cpp.cpp; name = LocationRange.cpp; path = ../../src/ADT/LocationRange.cpp; sourceTree = "<group>"; };
		F36FBF8124380E000075D461 /* FileDescriptor.cpp */ = {isa = PBXFileReference; fileEncoding = 4; lastKnownFileType = sourcecode.cpp.cpp; name = FileDescriptor.cpp; path = ../../src/ADT/FileDescriptor.cpp; sourceTree = "<group>"; };
		F36FBF8224380E000075D461 /* MachO.cpp */ = {isa = PBXFileReference; fileEncoding = 4; lastKnownFileType = sourcecode.cpp.cpp; name = MachO.cpp; path = ../../src/ADT/MachO.cpp; sourceTree = "<group>"; };
		F36FBF8324380E000075D461 /* MappedFile.cpp */ = {isa = PBXFileReference; fileEncoding = 4; lastKnownFileType = sourcecode.cpp.cpp; name = MappedFile.cpp; path = ../../src/ADT/MappedFile.cpp; sourceTree = "<group>"; };
		F36FBF8424380E000075D461 /* MemoryMap.cpp */ = {isa = PBXFileReference; fileEncoding = 4; lastKnownFileType = sourcecode.cpp.cpp; name = MemoryMap.cpp; path = ../../src/ADT/MemoryMap.cpp; sourceTree = "<group>"; };
		F36FBF8A24380E7D0075D461 /* MemoryMap.h */ = {isa = PBXFileReference; lastKnownFileType = sourcecode.c.h; name = MemoryMap.h; path = ../../include/ADT/MemoryMap.h; sourceTree = "<group>"; };
		F36FBF8B243826040075D461 /* MappedFile.h */ = {isa = PBXFileReference; lastKnownFileType = sourcecode.c.h; name = MappedFile.h; path = ../../include/ADT/MappedFile.h; sourceTree = "<group>"; };
		F37166A6246650980078C5CA /* Leb128.h */ = {isa = PBXFileReference; lastKnownFileType = sourcecode.c.h; name = Leb128.h; path = ../../include/Utils/Leb128.h; sourceTree = "<group>"; };
		F37166A7246650AE0078C5CA /* IntegerLimit.h */ = {isa = PBXFileReference; lastKnownFileType = sourcecode.c.h; name = IntegerLimit.h; path = ../../include/Utils/IntegerLimit.h; sourceTree = "<group>"; };
		F37B10BA24C3C18500CB2305 /* DeVirtualizer.h */ = {isa = PBXFileReference; lastKnownFileType = sourcecode.c.h; name = DeVirtualizer.h; path = ../../include/ADT/DscImage/DeVirtualizer.h; sourceTree = "<group>"; };
		F3840EB12481FDCE003AD004 /* PrintRebaseOpcodeList.h */ = {isa = PBXFileReference; lastKnownFileType = sourcecode.c.h; name = PrintRebaseOpcodeList.h; path = ../../include/Operations/PrintRebaseOpcodeList.h; sourceTree = "<group>"; };
		F3840EB22481FDE5003AD004 /* PrintRebaseActionList.h */ = {isa = PBXFileReference; lastKnownFileType = sourcecode.c.h; name = PrintRebaseActionList.h; path = ../../include/Operations/PrintRebaseActionList.h; sourceTree = "<group>"; };
		F3840EB32481FE16003AD004 /* PrintRebaseActionList.cpp */ = {isa = PBXFileReference; lastKnownFileType = sourcecode.cpp.cpp; name = PrintRebaseActionList.cpp; path = ../../src/Operations/PrintRebaseActionList.cpp; sourceTree = "<group>"; };
		F3840EB52481FE26003AD004 /* PrintRebaseOpcodeList.cpp */ = {isa = PBXFileReference; lastKnownFileType = sourcecode.cpp.cpp; name = PrintRebaseOpcodeList.cpp; path = ../../src/Operations/PrintRebaseOpcodeList.cpp; sourceTree = "<group>"; };
		F3856A9A244A9F73007980C9 /* PrintUtils.h */ = {isa = PBXFileReference; lastKnownFileType = sourcecode.c.h; name = PrintUtils.h; path = ../../include/Utils/PrintUtils.h; sourceTree = "<group>"; };
		F3856A9B244ABDA1007980C9 /* LoadCommands.h */ = {isa = PBXFileReference; lastKnownFileType = sourcecode.c.h; name = LoadCommands.h; path = "../../include/ADT/Mach-O/LoadCommands.h"; sourceTree = "<group>"; };
		F3856A9C244ABDA1007980C9 /* LoadCommandStorage.h */ = {isa = PBXFileReference; lastKnownFileType = sourcecode.c.h; name = LoadCommandStorage.h; path = "../../include/ADT/Mach-O/LoadCommandStorage.h"; sourceTree = "<group>"; };
		F3856A9D244ABDA1007980C9 /* Types.h */ = {isa = PBXFileReference; lastKnownFileType = sourcecode.c.h; name = Types.h; path = "../../include/ADT/Mach-O/Types.h"; sourceTree = "<group>"; };
		F3856A9E244ABDA1007980C9 /* LoadCommandTemplates.h */ = {isa = PBXFileReference; lastKnownFileType = sourcecode.c.h; name = LoadCommandTemplates.h; path = "../../include/ADT/Mach-O/LoadCommandTemplates.h"; sourceTree = "<group>"; };
		F3856A9F244BA5F3007980C9 /* MachOPrinter.h */ = {isa = PBXFileReference; lastKnownFileType = sourcecode.c.h; name = MachOPrinter.h; path = ../../include/Utils/MachOPrinter.h; sourceTree = "<group>"; };
		F3856AA2244BBB5C007980C9 /* Macros.h */ = {isa = PBXFileReference; lastKnownFileType = sourcecode.c.h; name = Macros.h; path = ../../include/Utils/Macros.h; sourceTree = "<group>"; };
		F38A993024C2DA6A00AB74F3 /* ExportTrieUtil.cpp */ = {isa = PBXFileReference; fileEncoding = 4; lastKnownFileType = sourcecode.cpp.cpp; name = ExportTrieUtil.cpp; path = ../../src/ADT/DscImage/ExportTrieUtil.cpp; sourceTree = "<group>"; };
		F38A993224C2DB2400AB74F3 /* ExportTrieUtil.h */ = {isa = PBXFileReference; lastKnownFileType = sourcecode.c.h; name = ExportTrieUtil.h; path = ../../include/ADT/DscImage/ExportTrieUtil.h; sourceTree = "<group>"; };
		F38FCE5F24876C7A00920AB1 /* ByteVector.h */ = {isa = PBXFileReference; lastKnownFileType = sourcecode.c.h; name = ByteVector.h; path = ../../include/ADT/ByteVector.h; sourceTree = "<group>"; };
		F38FCE6024876FE500920AB1 /* ByteVector.cpp */ = {isa = PBXFileReference; lastKnownFileType = sourcecode.cpp.cpp; name = ByteVector.cpp; path = ../../src/ADT/ByteVector.cpp; sourceTree = "<group>"; };
		F38FCE62248778E000920AB1 /* SwapRanges.h */ = {isa = PBXFileReference; lastKnownFileType = sourcecode.c.h; name = SwapRanges.h; path = ../../include/Utils/SwapRanges.h; sourceTree = "<group>"; };
		F38FCE632487793B00920AB1 /* SwapRanges.cpp */ = {isa = PBXFileReference; lastKnownFileType = sourcecode.cpp.cpp; name = SwapRanges.cpp; path = ../../src/Utils/SwapRanges.cpp; sourceTree = "<group>"; };
		F38FCE652487B02E00920AB1 /* PointerKind.h */ = {isa = PBXFileReference; lastKnownFileType = sourcecode.c.h; name = PointerKind.h; path = ../../include/ADT/PointerKind.h; sourceTree = "<group>"; };
		F38FCE662488D88600920AB1 /* PrintUtils.cpp */ = {isa = PBXFileReference; lastKnownFileType = sourcecode.cpp.cpp; name = PrintUtils.cpp; path = ../../src/Utils/PrintUtils.cpp; sourceTree = "<group>"; };
		F38FCE6924898B9A00920AB1 /* ArgvArray.h */ = {isa = PBXFileReference; lastKnownFileType = sourcecode.c.h; name = ArgvArray.h; path = ../../include/ADT/ArgvArray.h; sourceTree = "<group>"; };
		F38FCE6A248AFCD200920AB1 /* ExportTrieUtil.h */ = {isa = PBXFileReference; lastKnownFileType = sourcecode.c.h; name = ExportTrieUtil.h; path = "../../include/ADT/Mach-O/ExportTrieUtil.h"; sourceTree = "<group>"; };
		F38FCE6B248B03C800920AB1 /* ExportTrieUtil.cpp */ = {isa = PBXFileReference; lastKnownFileType = sourcecode.cpp.cpp; name = ExportTrieUtil.cpp; path = "../../src/ADT/Mach-O/ExportTrieUtil.cpp"; sourceTree = "<group>"; };
		F38FCF26248DEEE300DCB79F /* OutputFile.h */ = {isa = PBXFileReference; lastKnownFileType = sourcecode.c.h; name = OutputFile.h; path = ../../include/ADT/OutputFile.h; sourceTree = "<group>"; };
		F38FCF27248DEF0900DCB79F /* OutputFile.cpp */ = {isa = PBXFileReference; fileEncoding = 4; lastKnownFileType = sourcecode.cpp.cpp; name = OutputFile.cpp; path = ../../src/ADT/OutputFile.cpp; sourceTree = "<group>"; };
		F38FCF29248EDD5B00DCB79F /* Tree.h */ = {isa = PBXFileReference; lastKnownFileType = sourcecode.c.h; name = Tree.h; path = ../../include/ADT/Tree.h; sourceTree = "<group>"; };
		F38FCF2A248EFB3B00DCB79F /* Tree.cpp */ = {isa = PBXFileReference; lastKnownFileType = sourcecode.cpp.cpp; name = Tree.cpp; path = ../../src/ADT/Tree.cpp; sourceTree = "<group>"; };
		F3923E7C243C0B62002479B3 /* Mach.h */ = {isa = PBXFileReference; lastKnownFileType = sourcecode.c.h; name = Mach.h; path = ../../include/ADT/Mach.h; sourceTree = "<group>"; };
		F3923E7F243C0B97002479B3 /* MemoryBase.h */ = {isa = PBXFileReference; lastKnownFileType = sourcecode.c.h; name = MemoryBase.h; path = ../../include/Objects/MemoryBase.h; sourceTree = "<group>"; };
		F3923E80243C0B97002479B3 /* Kind.h */ = {isa = PBXFileReference; lastKnownFileType = sourcecode.c.h; name = Kind.h; path = ../../include/Objects/Kind.h; sourceTree = "<group>"; };
		F3923E81243C0B97002479B3 /* MachOMemory.h */ = {isa = PBXFileReference; lastKnownFileType = sourcecode.c.h; name = MachOMemory.h; path = ../../include/Objects/MachOMemory.h; sourceTree = "<group>"; };
		F3923E82243C0B97002479B3 /* FatMachOMemory.h */ = {isa = PBXFileReference; lastKnownFileType = sourcecode.c.h; name = FatMachOMemory.h; path = ../../include/Objects/FatMachOMemory.h; sourceTree = "<group>"; };
		F3923E83243C0BA0002479B3 /* MemoryBase.cpp */ = {isa = PBXFileReference; fileEncoding = 4; lastKnownFileType = sourcecode.cpp.cpp; name = MemoryBase.cpp; path = ../../src/Objects/MemoryBase.cpp; sourceTree = "<group>"; };
		F3923E84243C0BA0002479B3 /* FatMachOMemory.cpp */ = {isa = PBXFileReference; fileEncoding = 4; lastKnownFileType = sourcecode.cpp.cpp; name = FatMachOMemory.cpp; path = ../../src/Objects/FatMachOMemory.cpp; sourceTree = "<group>"; };
		F3923E85243C0BA0002479B3 /* MachOMemory.cpp */ = {isa = PBXFileReference; fileEncoding = 4; lastKnownFileType = sourcecode.cpp.cpp; name = MachOMemory.cpp; path = ../../src/Objects/MachOMemory.cpp; sourceTree = "<group>"; };
		F3923E89243C1680002479B3 /* DoesOverflow.h */ = {isa = PBXFileReference; lastKnownFileType = sourcecode.c.h; name = DoesOverflow.h; path = ../../include/Utils/DoesOverflow.h; sourceTree = "<group>"; };
		F39740F424B924EA00710C62 /* DscMemory.h */ = {isa = PBXFileReference; lastKnownFileType = sourcecode.c.h; name = DscMemory.h; path = ../../include/Objects/DscMemory.h; sourceTree = "<group>"; };
		F39740F524B9252D00710C62 /* DscMemory.cpp */ = {isa = PBXFileReference; lastKnownFileType = sourcecode.cpp.cpp; name = DscMemory.cpp; path = ../../src/Objects/DscMemory.cpp; sourceTree = "<group>"; };
		F39740F824B926F000710C62 /* Headers.h */ = {isa = PBXFileReference; lastKnownFileType = sourcecode.c.h; name = Headers.h; path = ../../include/ADT/DyldSharedCache/Headers.h; sourceTree = "<group>"; };
		F39740F924B9445F00710C62 /* DyldSharedCache.h */ = {isa = PBXFileReference; lastKnownFileType = sourcecode.c.h; name = DyldSharedCache.h; path = ../../include/ADT/DyldSharedCache.h; sourceTree = "<group>"; };
		F39A9877245FE4F4002C229F /* Path.cpp */ = {isa = PBXFileReference; fileEncoding = 4; lastKnownFileType = sourcecode.cpp.cpp; name = Path.cpp; path = ../../src/Utils/Path.cpp; sourceTree = "<group>"; };
		F39A9879245FE4FE002C229F /* Path.h */ = {isa = PBXFileReference; lastKnownFileType = sourcecode.c.h; name = Path.h; path = ../../include/Utils/Path.h; sourceTree = "<group>"; };
		F3A2D2962495A71D005DA2D0 /* ObjcUtil.h */ = {isa = PBXFileReference; lastKnownFileType = sourcecode.c.h; name = ObjcUtil.h; path = "../../include/ADT/Mach-O/ObjcUtil.h"; sourceTree = "<group>"; };
		F3A2D2972495A971005DA2D0 /* ObjcUtil.cpp */ = {isa = PBXFileReference; lastKnownFileType = sourcecode.cpp.cpp; name = ObjcUtil.cpp; path = "../../src/ADT/Mach-O/ObjcUtil.cpp"; sourceTree = "<group>"; };
		F3A2D2992499C41B005DA2D0 /* SpecificCapArray.h */ = {isa = PBXFileReference; lastKnownFileType = sourcecode.c.h; name = SpecificCapArray.h; path = ../../include/ADT/SpecificCapArray.h; sourceTree = "<group>"; };
		F3A2D29A249AD5B9005DA2D0 /* LoadCommandsCommon.cpp */ = {isa = PBXFileReference; lastKnownFileType = sourcecode.cpp.cpp; name = LoadCommandsCommon.cpp; path = "../../src/ADT/Mach-O/LoadCommandsCommon.cpp"; sourceTree = "<group>"; };
		F3A2D29E249B1E5E005DA2D0 /* BindUtil.h */ = {isa = PBXFileReference; lastKnownFileType = sourcecode.c.h; name = BindUtil.h; path = "../../include/ADT/Mach-O/BindUtil.h"; sourceTree = "<group>"; };
		F3A2D29F249B2163005DA2D0 /* BindUtil.cpp */ = {isa = PBXFileReference; lastKnownFileType = sourcecode.cpp.cpp; name = BindUtil.cpp; path = "../../src/ADT/Mach-O/BindUtil.cpp"; sourceTree = "<group>"; };
		F3A5C2312443BC10000DE1B9 /* Kind.h */ = {isa = PBXFileReference; lastKnownFileType = sourcecode.c.h; name = Kind.h; path = ../../include/Operations/Kind.h; sourceTree = "<group>"; };
		F3B1962C2439B32500AE997A /* Base.h */ = {isa = PBXFileReference; lastKnownFileType = sourcecode.c.h; name = Base.h; path = ../../include/Operations/Base.h; sourceTree = "<group>"; };
		F3B1962E2439B32500AE997A /* PrintHeader.h */ = {isa = PBXFileReference; lastKnownFileType = sourcecode.c.h; name = PrintHeader.h; path = ../../include/Operations/PrintHeader.h; sourceTree = "<group>"; };
		F3B196302439B34200AE997A /* Base.cpp */ = {isa = PBXFileReference; fileEncoding = 4; lastKnownFileType = sourcecode.cpp.cpp; name = Base.cpp; path = ../../src/Operations/Base.cpp; sourceTree = "<group>"; };
		F3B2CEC72465047F0066B7C8 /* PrintFlags.h */ = {isa = PBXFileReference; lastKnownFileType = sourcecode.c.h; name = PrintFlags.h; path = ../../include/Operations/PrintFlags.h; sourceTree = "<group>"; };
		F3B2CEC8246504EC0066B7C8 /* PrintFlags.cpp */ = {isa = PBXFileReference; lastKnownFileType = sourcecode.cpp.cpp; name = PrintFlags.cpp; path = ../../src/Operations/PrintFlags.cpp; sourceTree = "<group>"; };
		F3B810B02467B50200DED4F2 /* PrintExportTrie.h */ = {isa = PBXFileReference; lastKnownFileType = sourcecode.c.h; name = PrintExportTrie.h; path = ../../include/Operations/PrintExportTrie.h; sourceTree = "<group>"; };
		F3B810B12467B53E00DED4F2 /* PrintExportTrie.cpp */ = {isa = PBXFileReference; lastKnownFileType = sourcecode.cpp.cpp; name = PrintExportTrie.cpp; path = ../../src/Operations/PrintExportTrie.cpp; sourceTree = "<group>"; };
		F3B810B32467EECD00DED4F2 /* LargestIntHelper.h */ = {isa = PBXFileReference; lastKnownFileType = sourcecode.c.h; name = LargestIntHelper.h; path = ../../include/ADT/LargestIntHelper.h; sourceTree = "<group>"; };
		F3BA28B224709670009B6BCE /* PrintObjcClassList.h */ = {isa = PBXFileReference; lastKnownFileType = sourcecode.c.h; name = PrintObjcClassList.h; path = ../../include/Operations/PrintObjcClassList.h; sourceTree = "<group>"; };
		F3BA28B3247096BA009B6BCE /* PrintObjcClassList.cpp */ = {isa = PBXFileReference; lastKnownFileType = sourcecode.cpp.cpp; name = PrintObjcClassList.cpp; path = ../../src/Operations/PrintObjcClassList.cpp; sourceTree = "<group>"; };
		F3BA28B724709A6F009B6BCE /* SegmentUtil.h */ = {isa = PBXFileReference; lastKnownFileType = sourcecode.c.h; name = SegmentUtil.h; path = "../../include/ADT/Mach-O/SegmentUtil.h"; sourceTree = "<group>"; };
		F3BA28B824709ACD009B6BCE /* SegmentUtil.cpp */ = {isa = PBXFileReference; lastKnownFileType = sourcecode.cpp.cpp; name = SegmentUtil.cpp; path = "../../src/ADT/Mach-O/SegmentUtil.cpp"; sourceTree = "<group>"; };
		F3BA28BA2470A846009B6BCE /* Headers.h */ = {isa = PBXFileReference; lastKnownFileType = sourcecode.c.h; name = Headers.h; path = "../../include/ADT/Mach-O/Headers.h"; sourceTree = "<group>"; };
		F3BA28BC2470CA42009B6BCE /* PointerUtils.h */ = {isa = PBXFileReference; lastKnownFileType = sourcecode.c.h; name = PointerUtils.h; path = ../../include/Utils/PointerUtils.h; sourceTree = "<group>"; };
		F3BA28BD2470F3CD009B6BCE /* Objc.h */ = {isa = PBXFileReference; lastKnownFileType = sourcecode.c.h; name = Objc.h; path = "../../include/ADT/Mach-O/Objc.h"; sourceTree = "<group>"; };
		F3BA28BF24712537009B6BCE /* SegmentInfo.h */ = {isa = PBXFileReference; lastKnownFileType = sourcecode.c.h; name = SegmentInfo.h; path = "../../include/ADT/Mach-O/SegmentInfo.h"; sourceTree = "<group>"; };
		F3BA28C024713E17009B6BCE /* StringUtils.h */ = {isa = PBXFileReference; lastKnownFileType = sourcecode.c.h; name = StringUtils.h; path = ../../include/Utils/StringUtils.h; sourceTree = "<group>"; };
		F3BA28C12471EC92009B6BCE /* PrintBindSymbolList.h */ = {isa = PBXFileReference; lastKnownFileType = sourcecode.c.h; name = PrintBindSymbolList.h; path = ../../include/Operations/PrintBindSymbolList.h; sourceTree = "<group>"; };
		F3BA28C22471ECC6009B6BCE /* PrintBindSymbolList.cpp */ = {isa = PBXFileReference; lastKnownFileType = sourcecode.cpp.cpp; name = PrintBindSymbolList.cpp; path = ../../src/Operations/PrintBindSymbolList.cpp; sourceTree = "<group>"; };
		F3BB308D2477051B00706267 /* SharedLibraryUtil.h */ = {isa = PBXFileReference; lastKnownFileType = sourcecode.c.h; name = SharedLibraryUtil.h; path = "../../include/ADT/Mach-O/SharedLibraryUtil.h"; sourceTree = "<group>"; };
		F3BB308E2477061D00706267 /* SharedLibraryInfo.h */ = {isa = PBXFileReference; lastKnownFileType = sourcecode.c.h; name = SharedLibraryInfo.h; path = "../../include/ADT/Mach-O/SharedLibraryInfo.h"; sourceTree = "<group>"; };
		F3BB308F247706AB00706267 /* SharedLibraryUtil.cpp */ = {isa = PBXFileReference; lastKnownFileType = sourcecode.cpp.cpp; name = SharedLibraryUtil.cpp; path = "../../src/ADT/Mach-O/SharedLibraryUtil.cpp"; sourceTree = "<group>"; };
		F3CAF1832478B31000050D8D /* PrintBindOpcodeList.h */ = {isa = PBXFileReference; lastKnownFileType = sourcecode.c.h; name = PrintBindOpcodeList.h; path = ../../include/Operations/PrintBindOpcodeList.h; sourceTree = "<group>"; };
		F3CAF1842478B37200050D8D /* PrintBindOpcodeList.cpp */ = {isa = PBXFileReference; lastKnownFileType = sourcecode.cpp.cpp; name = PrintBindOpcodeList.cpp; path = ../../src/Operations/PrintBindOpcodeList.cpp; sourceTree = "<group>"; };
		F3D66211245770A300270435 /* Operation.h */ = {isa = PBXFileReference; lastKnownFileType = sourcecode.c.h; name = Operation.h; path = ../../include/Operations/Operation.h; sourceTree = "<group>"; };
		F3D66212245770AB00270435 /* PrintArchList.h */ = {isa = PBXFileReference; lastKnownFileType = sourcecode.c.h; name = PrintArchList.h; path = ../../include/Operations/PrintArchList.h; sourceTree = "<group>"; };
		F3D66213245770BA00270435 /* PrintArchList.cpp */ = {isa = PBXFileReference; fileEncoding = 4; lastKnownFileType = sourcecode.cpp.cpp; name = PrintArchList.cpp; path = ../../src/Operations/PrintArchList.cpp; sourceTree = "<group>"; };
		F3D66215245770D800270435 /* RelativeRange.h */ = {isa = PBXFileReference; lastKnownFileType = sourcecode.c.h; name = RelativeRange.h; path = ../../include/ADT/RelativeRange.h; sourceTree = "<group>"; };
		F3D66216245770E200270435 /* RelativeRange.cpp */ = {isa = PBXFileReference; fileEncoding = 4; lastKnownFileType = sourcecode.cpp.cpp; name = RelativeRange.cpp; path = ../../src/ADT/RelativeRange.cpp; sourceTree = "<group>"; };
		F3D662182457726B00270435 /* Makefile */ = {isa = PBXFileReference; fileEncoding = 4; lastKnownFileType = sourcecode.make; name = Makefile; path = ../../Makefile; sourceTree = "<group>"; };
		F3DC4DA3245272020063906C /* PrintSharedLibraries.h */ = {isa = PBXFileReference; lastKnownFileType = sourcecode.c.h; name = PrintSharedLibraries.h; path = ../../include/Operations/PrintSharedLibraries.h; sourceTree = "<group>"; };
		F3DC4DA42452720A0063906C /* PrintSharedLibraries.cpp */ = {isa = PBXFileReference; fileEncoding = 4; lastKnownFileType = sourcecode.cpp.cpp; name = PrintSharedLibraries.cpp; path = ../../src/Operations/PrintSharedLibraries.cpp; sourceTree = "<group>"; };
		F3DC4DA6245272220063906C /* Common.cpp */ = {isa = PBXFileReference; fileEncoding = 4; lastKnownFileType = sourcecode.cpp.cpp; name = Common.cpp; path = ../../src/Operations/Common.cpp; sourceTree = "<group>"; };
		F3DC4DA82452722F0063906C /* Common.h */ = {isa = PBXFileReference; lastKnownFileType = sourcecode.c.h; name = Common.h; path = ../../include/Operations/Common.h; sourceTree = "<group>"; };
		F3DC4DA92452E3F60063906C /* PrintId.h */ = {isa = PBXFileReference; lastKnownFileType = sourcecode.c.h; name = PrintId.h; path = ../../include/Operations/PrintId.h; sourceTree = "<group>"; };
		F3DC4DAC2452E4780063906C /* PrintId.cpp */ = {isa = PBXFileReference; fileEncoding = 4; lastKnownFileType = sourcecode.cpp.cpp; name = PrintId.cpp; path = ../../src/Operations/PrintId.cpp; sourceTree = "<group>"; };
		F3DC4DAE2452F4760063906C /* Timestamp.h */ = {isa = PBXFileReference; lastKnownFileType = sourcecode.c.h; name = Timestamp.h; path = ../../include/Utils/Timestamp.h; sourceTree = "<group>"; };
		F3DC4DAF2452F48F0063906C /* Timestamp.cpp */ = {isa = PBXFileReference; lastKnownFileType = sourcecode.cpp.cpp; name = Timestamp.cpp; path = ../../src/Utils/Timestamp.cpp; sourceTree = "<group>"; };
		F3DC4DB12453D5910063906C /* MiscTemplates.h */ = {isa = PBXFileReference; lastKnownFileType = sourcecode.c.h; name = MiscTemplates.h; path = ../../include/Utils/MiscTemplates.h; sourceTree = "<group>"; };
		F3DDCBDA2442A08A0051ADD0 /* PrintHeader.cpp */ = {isa = PBXFileReference; fileEncoding = 4; lastKnownFileType = sourcecode.cpp.cpp; name = PrintHeader.cpp; path = ../../src/Operations/PrintHeader.cpp; sourceTree = "<group>"; };
		F3EA2DCE244CB88600ACA736 /* CpuSubKindInfoTemplates.h */ = {isa = PBXFileReference; lastKnownFileType = sourcecode.c.h; name = CpuSubKindInfoTemplates.h; path = ../../include/ADT/Mach/CpuSubKindInfoTemplates.h; sourceTree = "<group>"; };
		F3F08B7A244D27CB007F3271 /* CpuSubKindInfo.h */ = {isa = PBXFileReference; lastKnownFileType = sourcecode.c.h; name = CpuSubKindInfo.h; path = ../../include/ADT/Mach/CpuSubKindInfo.h; sourceTree = "<group>"; };
		F3F08B7B244D27CB007F3271 /* CpuKindInfoTemplates.h */ = {isa = PBXFileReference; lastKnownFileType = sourcecode.c.h; name = CpuKindInfoTemplates.h; path = ../../include/ADT/Mach/CpuKindInfoTemplates.h; sourceTree = "<group>"; };
		F3F08B7C244D2834007F3271 /* Info.h */ = {isa = PBXFileReference; lastKnownFileType = sourcecode.c.h; name = Info.h; path = ../../include/ADT/Mach/Info.h; sourceTree = "<group>"; };
/* End PBXFileReference section */

/* Begin PBXFrameworksBuildPhase section */
		F3104AA6243193E100B24FEB /* Frameworks */ = {
			isa = PBXFrameworksBuildPhase;
			buildActionMask = 2147483647;
			files = (
			);
			runOnlyForDeploymentPostprocessing = 0;
		};
/* End PBXFrameworksBuildPhase section */

/* Begin PBXGroup section */
		F3104AA0243193E100B24FEB = {
			isa = PBXGroup;
			children = (
				F3104AB42431941E00B24FEB /* include */,
				F3104AB32431941A00B24FEB /* src */,
				F3D662182457726B00270435 /* Makefile */,
				F3104AAA243193E100B24FEB /* Products */,
			);
			sourceTree = "<group>";
		};
		F3104AAA243193E100B24FEB /* Products */ = {
			isa = PBXGroup;
			children = (
				F3104AA9243193E100B24FEB /* ktool */,
			);
			name = Products;
			sourceTree = "<group>";
		};
		F3104AB32431941A00B24FEB /* src */ = {
			isa = PBXGroup;
			children = (
				F37B88B82431E7650070F870 /* ADT */,
				F37B88B32431E21D0070F870 /* Objects */,
				F3B196242439B2FA00AE997A /* Operations */,
				F37B88BB2431E8720070F870 /* Utils */,
				F3104AC32431960E00B24FEB /* main.cpp */,
			);
			name = src;
			sourceTree = "<group>";
		};
		F3104AB42431941E00B24FEB /* include */ = {
			isa = PBXGroup;
			children = (
				F3104AB52431943000B24FEB /* ADT */,
				F31C4E7D2479B1650057FE50 /* External */,
				F3104AC82431C3F100B24FEB /* Objects */,
				F3B196252439B30200AE997A /* Operations */,
				F3104AB62431943900B24FEB /* TypeTraits */,
				F3104AC52431965900B24FEB /* Utils */,
			);
			name = include;
			sourceTree = "<group>";
		};
		F3104AB52431943000B24FEB /* ADT */ = {
			isa = PBXGroup;
			children = (
				F33EC4F924C256E900A8DB06 /* DscImage */,
				F39740F724B926CF00710C62 /* DyldSharedCache */,
				F3856AA1244BBAC7007980C9 /* Mach */,
				F35FF7F124486A5900BEF782 /* Mach-O */,
				F36FBF7D24380DD40075D461 /* Allocation.h */,
				F38FCE6924898B9A00920AB1 /* ArgvArray.h */,
				F36FBF7A24380DD40075D461 /* BasicContiguousIterator.h */,
				F36FBF7524380DD40075D461 /* BasicContiguousList.h */,
				F36FBF7F24380DD40075D461 /* BasicMasksHandler.h */,
				F36FBF7E24380DD40075D461 /* BasicWrapperIterator.h */,
				F38FCE5F24876C7A00920AB1 /* ByteVector.h */,
				F369E40C24808B2800F5A5E8 /* DefaultStructVariable.h */,
				F33EC50124C2A76A00A8DB06 /* DscImage.h */,
				F39740F924B9445F00710C62 /* DyldSharedCache.h */,
				F31C4E7F2479B1EA0057FE50 /* EnumHelper.h */,
				F36FBF7B24380DD40075D461 /* FileDescriptor.h */,
				F3B810B32467EECD00DED4F2 /* LargestIntHelper.h */,
				F36FBF7624380DD40075D461 /* LocationRange.h */,
				F3923E7C243C0B62002479B3 /* Mach.h */,
				F36FBF7C24380DD40075D461 /* MachO.h */,
				F36FBF8B243826040075D461 /* MappedFile.h */,
				F36FBF8A24380E7D0075D461 /* MemoryMap.h */,
				F38FCF26248DEEE300DCB79F /* OutputFile.h */,
				F36FBF7824380DD40075D461 /* PointerErrorStorage.h */,
				F31C4E80247BB7370057FE50 /* PointerFlagStorage.h */,
				F38FCE652487B02E00920AB1 /* PointerKind.h */,
				F36FBF7724380DD40075D461 /* PointerOrError.h */,
				F3D66215245770D800270435 /* RelativeRange.h */,
				F3A2D2992499C41B005DA2D0 /* SpecificCapArray.h */,
				F38FCF29248EDD5B00DCB79F /* Tree.h */,
				F36FBF7924380DD40075D461 /* TypedAllocation.h */,
			);
			name = ADT;
			sourceTree = "<group>";
		};
		F3104AB62431943900B24FEB /* TypeTraits */ = {
			isa = PBXGroup;
			children = (
				F3104AB92431948B00B24FEB /* DisableIfNotConst.h */,
				F3104ABA243194D600B24FEB /* DisableIfNotPointer.h */,
				F3104ABB2431950B00B24FEB /* DisableIfNotEnumClass.h */,
				F33DFDD524394D4A00BF3E47 /* Identity.h */,
				F33DFDD0243867F900BF3E47 /* IsEnumClass.h */,
				F33DFDD324393B8000BF3E47 /* RemoveAllPointers.h */,
				F33DFDD424394CEC00BF3E47 /* RemovePointersAndRefs.h */,
			);
			name = TypeTraits;
			sourceTree = "<group>";
		};
		F3104AC52431965900B24FEB /* Utils */ = {
			isa = PBXGroup;
			children = (
				F33DFDCF2438503800BF3E47 /* Casting.h */,
				F3923E89243C1680002479B3 /* DoesOverflow.h */,
				F37166A7246650AE0078C5CA /* IntegerLimit.h */,
				F37166A6246650980078C5CA /* Leb128.h */,
				F35FF7FA24486A8700BEF782 /* MachOLoadCommandPrinter.h */,
				F3856A9F244BA5F3007980C9 /* MachOPrinter.h */,
				F3856AA2244BBB5C007980C9 /* Macros.h */,
				F3DC4DB12453D5910063906C /* MiscTemplates.h */,
				F39A9879245FE4FE002C229F /* Path.h */,
				F3BA28BC2470CA42009B6BCE /* PointerUtils.h */,
				F3856A9A244A9F73007980C9 /* PrintUtils.h */,
				F3BA28C024713E17009B6BCE /* StringUtils.h */,
				F3104AC62431966D00B24FEB /* SwitchEndian.h */,
				F38FCE62248778E000920AB1 /* SwapRanges.h */,
				F3DC4DAE2452F4760063906C /* Timestamp.h */,
			);
			name = Utils;
			sourceTree = "<group>";
		};
		F3104AC82431C3F100B24FEB /* Objects */ = {
			isa = PBXGroup;
			children = (
				F39740F424B924EA00710C62 /* DscMemory.h */,
				F300066224BC1DE2008EE096 /* DscImageMemory.h */,
				F3923E82243C0B97002479B3 /* FatMachOMemory.h */,
				F3923E80243C0B97002479B3 /* Kind.h */,
				F3923E81243C0B97002479B3 /* MachOMemory.h */,
				F3923E7F243C0B97002479B3 /* MemoryBase.h */,
			);
			name = Objects;
			sourceTree = "<group>";
		};
		F31C4E7D2479B1650057FE50 /* External */ = {
			isa = PBXGroup;
			children = (
				F31C4E7E2479B1B50057FE50 /* magic_enum.h */,
			);
			name = External;
			sourceTree = "<group>";
		};
		F33EC4F924C256E900A8DB06 /* DscImage */ = {
			isa = PBXGroup;
			children = (
				F37B10BA24C3C18500CB2305 /* DeVirtualizer.h */,
				F38A993224C2DB2400AB74F3 /* ExportTrieUtil.h */,
				F33EC4FB24C27D9D00A8DB06 /* SegmentUtil.h */,
			);
			name = DscImage;
			sourceTree = "<group>";
		};
		F33EC4FC24C27DF700A8DB06 /* DscImage */ = {
			isa = PBXGroup;
			children = (
				F38A993024C2DA6A00AB74F3 /* ExportTrieUtil.cpp */,
				F33EC4FD24C27E1900A8DB06 /* SegmentUtil.cpp */,
			);
			name = DscImage;
			sourceTree = "<group>";
		};
		F35FF7F124486A5900BEF782 /* Mach-O */ = {
			isa = PBXGroup;
			children = (
				F33E8CD02473AA52009C4EA0 /* BindInfo.h */,
				F3A2D29E249B1E5E005DA2D0 /* BindUtil.h */,
				F369E40D2480982F00F5A5E8 /* DeVirtualizer.h */,
				F33E8CD22473B0DD009C4EA0 /* ExportTrie.h */,
				F38FCE6A248AFCD200920AB1 /* ExportTrieUtil.h */,
				F3BA28BA2470A846009B6BCE /* Headers.h */,
				F3856A9B244ABDA1007980C9 /* LoadCommands.h */,
				F33E8CD12473AAA0009C4EA0 /* LoadCommandsCommon.h */,
				F3856A9C244ABDA1007980C9 /* LoadCommandStorage.h */,
				F3856A9E244ABDA1007980C9 /* LoadCommandTemplates.h */,
				F3BA28BD2470F3CD009B6BCE /* Objc.h */,
				F3A2D2962495A71D005DA2D0 /* ObjcUtil.h */,
				F33E8CD72473BFB7009C4EA0 /* RebaseInfo.h */,
				F3BA28BF24712537009B6BCE /* SegmentInfo.h */,
				F3BA28B724709A6F009B6BCE /* SegmentUtil.h */,
				F3BB308E2477061D00706267 /* SharedLibraryInfo.h */,
				F3BB308D2477051B00706267 /* SharedLibraryUtil.h */,
				F314A9DF24B01DA900796991 /* SymbolTableUtil.h */,
				F3856A9D244ABDA1007980C9 /* Types.h */,
			);
			name = "Mach-O";
			sourceTree = "<group>";
		};
		F35FF7F224486A6000BEF782 /* Mach-O */ = {
			isa = PBXGroup;
			children = (
				F33E8CD52473B61B009C4EA0 /* BindInfo.cpp */,
				F3A2D29F249B2163005DA2D0 /* BindUtil.cpp */,
				F33E8CD32473B267009C4EA0 /* ExportTrie.cpp */,
				F38FCE6B248B03C800920AB1 /* ExportTrieUtil.cpp */,
				F35FF7F424486A6600BEF782 /* LoadCommands.cpp */,
				F3A2D29A249AD5B9005DA2D0 /* LoadCommandsCommon.cpp */,
				F35FF7F324486A6600BEF782 /* LoadCommandStorage.cpp */,
				F3A2D2972495A971005DA2D0 /* ObjcUtil.cpp */,
				F33E8CD82473C044009C4EA0 /* RebaseInfo.cpp */,
				F3BA28B824709ACD009B6BCE /* SegmentUtil.cpp */,
				F3BB308F247706AB00706267 /* SharedLibraryUtil.cpp */,
				F314A9E024B0314400796991 /* SymbolTableUtil.cpp */,
			);
			name = "Mach-O";
			sourceTree = "<group>";
		};
		F37B88B32431E21D0070F870 /* Objects */ = {
			isa = PBXGroup;
			children = (
				F39740F524B9252D00710C62 /* DscMemory.cpp */,
				F300066324BC31D3008EE096 /* DscImageMemory.cpp */,
				F3923E84243C0BA0002479B3 /* FatMachOMemory.cpp */,
				F3923E85243C0BA0002479B3 /* MachOMemory.cpp */,
				F3923E83243C0BA0002479B3 /* MemoryBase.cpp */,
			);
			name = Objects;
			sourceTree = "<group>";
		};
		F37B88B82431E7650070F870 /* ADT */ = {
			isa = PBXGroup;
			children = (
				F33EC4FC24C27DF700A8DB06 /* DscImage */,
				F35FF7F224486A6000BEF782 /* Mach-O */,
				F38FCE6024876FE500920AB1 /* ByteVector.cpp */,
				F36FBF8124380E000075D461 /* FileDescriptor.cpp */,
				F36FBF8024380E000075D461 /* LocationRange.cpp */,
				F36FBF8224380E000075D461 /* MachO.cpp */,
				F36FBF8324380E000075D461 /* MappedFile.cpp */,
				F36FBF8424380E000075D461 /* MemoryMap.cpp */,
				F38FCF27248DEF0900DCB79F /* OutputFile.cpp */,
				F3D66216245770E200270435 /* RelativeRange.cpp */,
				F38FCF2A248EFB3B00DCB79F /* Tree.cpp */,
			);
			name = ADT;
			sourceTree = "<group>";
		};
		F37B88BB2431E8720070F870 /* Utils */ = {
			isa = PBXGroup;
			children = (
				F39A9877245FE4F4002C229F /* Path.cpp */,
				F38FCE662488D88600920AB1 /* PrintUtils.cpp */,
				F3DC4DAF2452F48F0063906C /* Timestamp.cpp */,
				F38FCE632487793B00920AB1 /* SwapRanges.cpp */,
			);
			name = Utils;
			sourceTree = "<group>";
		};
		F3856AA1244BBAC7007980C9 /* Mach */ = {
			isa = PBXGroup;
			children = (
				F3F08B7A244D27CB007F3271 /* CpuSubKindInfo.h */,
				F3EA2DCE244CB88600ACA736 /* CpuSubKindInfoTemplates.h */,
				F3F08B7B244D27CB007F3271 /* CpuKindInfoTemplates.h */,
				F3F08B7C244D2834007F3271 /* Info.h */,
			);
			name = Mach;
			sourceTree = "<group>";
		};
		F39740F724B926CF00710C62 /* DyldSharedCache */ = {
			isa = PBXGroup;
			children = (
				F39740F824B926F000710C62 /* Headers.h */,
			);
			name = DyldSharedCache;
			sourceTree = "<group>";
		};
		F3B196242439B2FA00AE997A /* Operations */ = {
			isa = PBXGroup;
			children = (
				F3B196302439B34200AE997A /* Base.cpp */,
				F3DC4DA6245272220063906C /* Common.cpp */,
				F3D66213245770BA00270435 /* PrintArchList.cpp */,
				F3DDCBDA2442A08A0051ADD0 /* PrintHeader.cpp */,
				F35FF7EF24486A4800BEF782 /* PrintLoadCommands.cpp */,
				F3DC4DA42452720A0063906C /* PrintSharedLibraries.cpp */,
				F3DC4DAC2452E4780063906C /* PrintId.cpp */,
				F3B2CEC8246504EC0066B7C8 /* PrintFlags.cpp */,
				F3B810B12467B53E00DED4F2 /* PrintExportTrie.cpp */,
				F3BA28B3247096BA009B6BCE /* PrintObjcClassList.cpp */,
				F369E40F2480E66D00F5A5E8 /* PrintBindActionList.cpp */,
				F3CAF1842478B37200050D8D /* PrintBindOpcodeList.cpp */,
				F3BA28C22471ECC6009B6BCE /* PrintBindSymbolList.cpp */,
				F3840EB32481FE16003AD004 /* PrintRebaseActionList.cpp */,
				F3840EB52481FE26003AD004 /* PrintRebaseOpcodeList.cpp */,
				F348C8A424AB457C007D83CB /* PrintCStringSection.cpp */,
				F314A9DD24AFF67C00796991 /* PrintSymbolPtrSection.cpp */,
				F300066024BA90F3008EE096 /* PrintImageList.cpp */,
			);
			name = Operations;
			sourceTree = "<group>";
		};
		F3B196252439B30200AE997A /* Operations */ = {
			isa = PBXGroup;
			children = (
				F3B1962C2439B32500AE997A /* Base.h */,
				F3DC4DA82452722F0063906C /* Common.h */,
				F3A5C2312443BC10000DE1B9 /* Kind.h */,
				F3D66211245770A300270435 /* Operation.h */,
				F3D66212245770AB00270435 /* PrintArchList.h */,
				F3B1962E2439B32500AE997A /* PrintHeader.h */,
				F35FF7FB24486A9000BEF782 /* PrintLoadCommands.h */,
				F3DC4DA3245272020063906C /* PrintSharedLibraries.h */,
				F3DC4DA92452E3F60063906C /* PrintId.h */,
				F3B2CEC72465047F0066B7C8 /* PrintFlags.h */,
				F3B810B02467B50200DED4F2 /* PrintExportTrie.h */,
				F3BA28B224709670009B6BCE /* PrintObjcClassList.h */,
				F369E40E2480E65700F5A5E8 /* PrintBindActionList.h */,
				F3CAF1832478B31000050D8D /* PrintBindOpcodeList.h */,
				F3BA28C12471EC92009B6BCE /* PrintBindSymbolList.h */,
				F3840EB22481FDE5003AD004 /* PrintRebaseActionList.h */,
				F3840EB12481FDCE003AD004 /* PrintRebaseOpcodeList.h */,
				F348C8A324AB4527007D83CB /* PrintCStringSection.h */,
				F314A9D924AFF5C800796991 /* PrintSymbolPtrSection.h */,
				F300065F24BA90AD008EE096 /* PrintImageList.h */,
			);
			name = Operations;
			sourceTree = "<group>";
		};
/* End PBXGroup section */

/* Begin PBXNativeTarget section */
		F3104AA8243193E100B24FEB /* ktool */ = {
			isa = PBXNativeTarget;
			buildConfigurationList = F3104AB0243193E100B24FEB /* Build configuration list for PBXNativeTarget "ktool" */;
			buildPhases = (
				F3104AA5243193E100B24FEB /* Sources */,
				F3104AA6243193E100B24FEB /* Frameworks */,
				F3104AA7243193E100B24FEB /* CopyFiles */,
			);
			buildRules = (
			);
			dependencies = (
			);
			name = ktool;
			productName = ktool;
			productReference = F3104AA9243193E100B24FEB /* ktool */;
			productType = "com.apple.product-type.tool";
		};
/* End PBXNativeTarget section */

/* Begin PBXProject section */
		F3104AA1243193E100B24FEB /* Project object */ = {
			isa = PBXProject;
			attributes = {
				LastUpgradeCheck = 1150;
				ORGANIZATIONNAME = "Suhas Pai";
				TargetAttributes = {
					F3104AA8243193E100B24FEB = {
						CreatedOnToolsVersion = 11.4;
					};
				};
			};
			buildConfigurationList = F3104AA4243193E100B24FEB /* Build configuration list for PBXProject "ktool" */;
			compatibilityVersion = "Xcode 9.3";
			developmentRegion = en;
			hasScannedForEncodings = 0;
			knownRegions = (
				en,
				Base,
			);
			mainGroup = F3104AA0243193E100B24FEB;
			productRefGroup = F3104AAA243193E100B24FEB /* Products */;
			projectDirPath = "";
			projectRoot = "";
			targets = (
				F3104AA8243193E100B24FEB /* ktool */,
			);
		};
/* End PBXProject section */

/* Begin PBXSourcesBuildPhase section */
		F3104AA5243193E100B24FEB /* Sources */ = {
			isa = PBXSourcesBuildPhase;
			buildActionMask = 2147483647;
			files = (
				F3B2CEC9246504EC0066B7C8 /* PrintFlags.cpp in Sources */,
				F3A2D2982495A971005DA2D0 /* ObjcUtil.cpp in Sources */,
				F3923E88243C0BA0002479B3 /* MachOMemory.cpp in Sources */,
				F35FF7F624486A6600BEF782 /* LoadCommands.cpp in Sources */,
				F39740F624B9252D00710C62 /* DscMemory.cpp in Sources */,
				F3840EB42481FE16003AD004 /* PrintRebaseActionList.cpp in Sources */,
				F33E8CD92473C044009C4EA0 /* RebaseInfo.cpp in Sources */,
				F33E8CD62473B61B009C4EA0 /* BindInfo.cpp in Sources */,
				F38FCE642487793B00920AB1 /* SwapRanges.cpp in Sources */,
				F3BA28B924709ACD009B6BCE /* SegmentUtil.cpp in Sources */,
				F3BA28C32471ECC6009B6BCE /* PrintBindSymbolList.cpp in Sources */,
				F38FCF2B248EFB3B00DCB79F /* Tree.cpp in Sources */,
				F38FCE6C248B03C800920AB1 /* ExportTrieUtil.cpp in Sources */,
				F369E4102480E66D00F5A5E8 /* PrintBindActionList.cpp in Sources */,
				F3840EB62481FE26003AD004 /* PrintRebaseOpcodeList.cpp in Sources */,
				F3A2D29B249AD5B9005DA2D0 /* LoadCommandsCommon.cpp in Sources */,
				F33E8CD42473B267009C4EA0 /* ExportTrie.cpp in Sources */,
				F3CAF1852478B37200050D8D /* PrintBindOpcodeList.cpp in Sources */,
				F3DC4DAD2452E4780063906C /* PrintId.cpp in Sources */,
				F3DC4DA7245272220063906C /* Common.cpp in Sources */,
				F3104AC42431960E00B24FEB /* main.cpp in Sources */,
				F3D66217245770E200270435 /* RelativeRange.cpp in Sources */,
				F3923E86243C0BA0002479B3 /* MemoryBase.cpp in Sources */,
				F3BA28B4247096BA009B6BCE /* PrintObjcClassList.cpp in Sources */,
				F36FBF8924380E000075D461 /* MemoryMap.cpp in Sources */,
				F3D66214245770BA00270435 /* PrintArchList.cpp in Sources */,
				F39A9878245FE4F4002C229F /* Path.cpp in Sources */,
				F35FF7F024486A4800BEF782 /* PrintLoadCommands.cpp in Sources */,
				F3B810B22467B53E00DED4F2 /* PrintExportTrie.cpp in Sources */,
				F314A9E124B0314400796991 /* SymbolTableUtil.cpp in Sources */,
				F348C8A524AB457C007D83CB /* PrintCStringSection.cpp in Sources */,
				F300066124BA90F3008EE096 /* PrintImageList.cpp in Sources */,
				F38FCF28248DEF0900DCB79F /* OutputFile.cpp in Sources */,
				F3923E87243C0BA0002479B3 /* FatMachOMemory.cpp in Sources */,
				F38FCE6124876FE500920AB1 /* ByteVector.cpp in Sources */,
				F38A993124C2DA6A00AB74F3 /* ExportTrieUtil.cpp in Sources */,
				F33EC4FE24C27E1900A8DB06 /* SegmentUtil.cpp in Sources */,
				F3DDCBDC2442A08B0051ADD0 /* PrintHeader.cpp in Sources */,
				F35FF7F524486A6600BEF782 /* LoadCommandStorage.cpp in Sources */,
				F38FCE672488D88600920AB1 /* PrintUtils.cpp in Sources */,
				F3BB3090247706AB00706267 /* SharedLibraryUtil.cpp in Sources */,
				F3A2D2A0249B2163005DA2D0 /* BindUtil.cpp in Sources */,
				F36FBF8724380E000075D461 /* MachO.cpp in Sources */,
				F3DC4DB02452F48F0063906C /* Timestamp.cpp in Sources */,
				F314A9DE24AFF67C00796991 /* PrintSymbolPtrSection.cpp in Sources */,
				F3B196322439B34200AE997A /* Base.cpp in Sources */,
				F300066424BC31D3008EE096 /* DscImageMemory.cpp in Sources */,
				F36FBF8824380E000075D461 /* MappedFile.cpp in Sources */,
				F36FBF8524380E000075D461 /* LocationRange.cpp in Sources */,
				F3DC4DA52452720A0063906C /* PrintSharedLibraries.cpp in Sources */,
				F36FBF8624380E000075D461 /* FileDescriptor.cpp in Sources */,
			);
			runOnlyForDeploymentPostprocessing = 0;
		};
/* End PBXSourcesBuildPhase section */

/* Begin XCBuildConfiguration section */
		F3104AAE243193E100B24FEB /* Debug */ = {
			isa = XCBuildConfiguration;
			buildSettings = {
				ALWAYS_SEARCH_USER_PATHS = NO;
				CLANG_ANALYZER_NONNULL = YES;
				CLANG_ANALYZER_NUMBER_OBJECT_CONVERSION = YES_AGGRESSIVE;
				CLANG_CXX_LANGUAGE_STANDARD = "gnu++14";
				CLANG_CXX_LIBRARY = "libc++";
				CLANG_ENABLE_MODULES = YES;
				CLANG_ENABLE_OBJC_ARC = YES;
				CLANG_ENABLE_OBJC_WEAK = YES;
				CLANG_WARN_BLOCK_CAPTURE_AUTORELEASING = YES;
				CLANG_WARN_BOOL_CONVERSION = YES;
				CLANG_WARN_COMMA = YES;
				CLANG_WARN_CONSTANT_CONVERSION = YES;
				CLANG_WARN_DEPRECATED_OBJC_IMPLEMENTATIONS = YES;
				CLANG_WARN_DIRECT_OBJC_ISA_USAGE = YES_ERROR;
				CLANG_WARN_DOCUMENTATION_COMMENTS = YES;
				CLANG_WARN_EMPTY_BODY = YES;
				CLANG_WARN_ENUM_CONVERSION = YES;
				CLANG_WARN_INFINITE_RECURSION = YES;
				CLANG_WARN_INT_CONVERSION = YES;
				CLANG_WARN_NON_LITERAL_NULL_CONVERSION = YES;
				CLANG_WARN_OBJC_IMPLICIT_RETAIN_SELF = YES;
				CLANG_WARN_OBJC_LITERAL_CONVERSION = YES;
				CLANG_WARN_OBJC_ROOT_CLASS = YES_ERROR;
				CLANG_WARN_RANGE_LOOP_ANALYSIS = YES;
				CLANG_WARN_STRICT_PROTOTYPES = YES;
				CLANG_WARN_SUSPICIOUS_MOVE = YES;
				CLANG_WARN_UNGUARDED_AVAILABILITY = YES_AGGRESSIVE;
				CLANG_WARN_UNREACHABLE_CODE = YES;
				CLANG_WARN__DUPLICATE_METHOD_MATCH = YES;
				COPY_PHASE_STRIP = NO;
				DEBUG_INFORMATION_FORMAT = dwarf;
				ENABLE_STRICT_OBJC_MSGSEND = YES;
				ENABLE_TESTABILITY = YES;
				GCC_C_LANGUAGE_STANDARD = gnu11;
				GCC_DYNAMIC_NO_PIC = NO;
				GCC_NO_COMMON_BLOCKS = YES;
				GCC_OPTIMIZATION_LEVEL = 0;
				GCC_PREPROCESSOR_DEFINITIONS = (
					"DEBUG=1",
					"$(inherited)",
				);
				GCC_WARN_64_TO_32_BIT_CONVERSION = YES;
				GCC_WARN_ABOUT_RETURN_TYPE = YES_ERROR;
				GCC_WARN_UNDECLARED_SELECTOR = YES;
				GCC_WARN_UNINITIALIZED_AUTOS = YES_AGGRESSIVE;
				GCC_WARN_UNUSED_FUNCTION = YES;
				GCC_WARN_UNUSED_VARIABLE = YES;
				MACOSX_DEPLOYMENT_TARGET = 10.15;
				MTL_ENABLE_DEBUG_INFO = INCLUDE_SOURCE;
				MTL_FAST_MATH = YES;
				ONLY_ACTIVE_ARCH = YES;
				SDKROOT = macosx;
			};
			name = Debug;
		};
		F3104AAF243193E100B24FEB /* Release */ = {
			isa = XCBuildConfiguration;
			buildSettings = {
				ALWAYS_SEARCH_USER_PATHS = NO;
				CLANG_ANALYZER_NONNULL = YES;
				CLANG_ANALYZER_NUMBER_OBJECT_CONVERSION = YES_AGGRESSIVE;
				CLANG_CXX_LANGUAGE_STANDARD = "gnu++14";
				CLANG_CXX_LIBRARY = "libc++";
				CLANG_ENABLE_MODULES = YES;
				CLANG_ENABLE_OBJC_ARC = YES;
				CLANG_ENABLE_OBJC_WEAK = YES;
				CLANG_WARN_BLOCK_CAPTURE_AUTORELEASING = YES;
				CLANG_WARN_BOOL_CONVERSION = YES;
				CLANG_WARN_COMMA = YES;
				CLANG_WARN_CONSTANT_CONVERSION = YES;
				CLANG_WARN_DEPRECATED_OBJC_IMPLEMENTATIONS = YES;
				CLANG_WARN_DIRECT_OBJC_ISA_USAGE = YES_ERROR;
				CLANG_WARN_DOCUMENTATION_COMMENTS = YES;
				CLANG_WARN_EMPTY_BODY = YES;
				CLANG_WARN_ENUM_CONVERSION = YES;
				CLANG_WARN_INFINITE_RECURSION = YES;
				CLANG_WARN_INT_CONVERSION = YES;
				CLANG_WARN_NON_LITERAL_NULL_CONVERSION = YES;
				CLANG_WARN_OBJC_IMPLICIT_RETAIN_SELF = YES;
				CLANG_WARN_OBJC_LITERAL_CONVERSION = YES;
				CLANG_WARN_OBJC_ROOT_CLASS = YES_ERROR;
				CLANG_WARN_RANGE_LOOP_ANALYSIS = YES;
				CLANG_WARN_STRICT_PROTOTYPES = YES;
				CLANG_WARN_SUSPICIOUS_MOVE = YES;
				CLANG_WARN_UNGUARDED_AVAILABILITY = YES_AGGRESSIVE;
				CLANG_WARN_UNREACHABLE_CODE = YES;
				CLANG_WARN__DUPLICATE_METHOD_MATCH = YES;
				COPY_PHASE_STRIP = NO;
				DEBUG_INFORMATION_FORMAT = "dwarf-with-dsym";
				ENABLE_NS_ASSERTIONS = NO;
				ENABLE_STRICT_OBJC_MSGSEND = YES;
				GCC_C_LANGUAGE_STANDARD = gnu11;
				GCC_NO_COMMON_BLOCKS = YES;
				GCC_WARN_64_TO_32_BIT_CONVERSION = YES;
				GCC_WARN_ABOUT_RETURN_TYPE = YES_ERROR;
				GCC_WARN_UNDECLARED_SELECTOR = YES;
				GCC_WARN_UNINITIALIZED_AUTOS = YES_AGGRESSIVE;
				GCC_WARN_UNUSED_FUNCTION = YES;
				GCC_WARN_UNUSED_VARIABLE = YES;
				MACOSX_DEPLOYMENT_TARGET = 10.15;
				MTL_ENABLE_DEBUG_INFO = NO;
				MTL_FAST_MATH = YES;
				SDKROOT = macosx;
			};
			name = Release;
		};
		F3104AB1243193E100B24FEB /* Debug */ = {
			isa = XCBuildConfiguration;
			buildSettings = {
				CLANG_CXX_LANGUAGE_STANDARD = "c++17";
				CODE_SIGN_IDENTITY = "-";
				CODE_SIGN_STYLE = Automatic;
				OTHER_CFLAGS = "-I${PROJECT_DIR}/../../include/";
				OTHER_CPLUSPLUSFLAGS = "$(OTHER_CFLAGS)";
				PRODUCT_NAME = "$(TARGET_NAME)";
			};
			name = Debug;
		};
		F3104AB2243193E100B24FEB /* Release */ = {
			isa = XCBuildConfiguration;
			buildSettings = {
				CLANG_CXX_LANGUAGE_STANDARD = "c++17";
				CODE_SIGN_IDENTITY = "-";
				CODE_SIGN_STYLE = Automatic;
				OTHER_CFLAGS = "-I${PROJECT_DIR}/../../include/";
				OTHER_CPLUSPLUSFLAGS = "$(OTHER_CFLAGS)";
				PRODUCT_NAME = "$(TARGET_NAME)";
			};
			name = Release;
		};
/* End XCBuildConfiguration section */

/* Begin XCConfigurationList section */
		F3104AA4243193E100B24FEB /* Build configuration list for PBXProject "ktool" */ = {
			isa = XCConfigurationList;
			buildConfigurations = (
				F3104AAE243193E100B24FEB /* Debug */,
				F3104AAF243193E100B24FEB /* Release */,
			);
			defaultConfigurationIsVisible = 0;
			defaultConfigurationName = Release;
		};
		F3104AB0243193E100B24FEB /* Build configuration list for PBXNativeTarget "ktool" */ = {
			isa = XCConfigurationList;
			buildConfigurations = (
				F3104AB1243193E100B24FEB /* Debug */,
				F3104AB2243193E100B24FEB /* Release */,
			);
			defaultConfigurationIsVisible = 0;
			defaultConfigurationName = Release;
		};
/* End XCConfigurationList section */
	};
	rootObject = F3104AA1243193E100B24FEB /* Project object */;
}
