// !$*UTF8*$!
{
	archiveVersion = 1;
	classes = {
	};
	objectVersion = 56;
	objects = {

/* Begin PBXBuildFile section */
		F308429D2921CD1500D989D8 /* FileMap.cpp in Sources */ = {isa = PBXBuildFile; fileRef = F308429C2921CD1500D989D8 /* FileMap.cpp */; };
		F32062A629248857002B99D9 /* PrintHeader.cpp in Sources */ = {isa = PBXBuildFile; fileRef = F32062A529248857002B99D9 /* PrintHeader.cpp */; };
		F33C25CB28EA146700289314 /* main.cpp in Sources */ = {isa = PBXBuildFile; fileRef = F33C25CA28EA146700289314 /* main.cpp */; };
		F34C282B292A12ED0010B711 /* FatMachO.cpp in Sources */ = {isa = PBXBuildFile; fileRef = F34C282A292A12ED0010B711 /* FatMachO.cpp */; };
		F36BCD55292C092000C911E8 /* Base.cpp in Sources */ = {isa = PBXBuildFile; fileRef = F36BCD54292C092000C911E8 /* Base.cpp */; };
		F36BCD59292C178500C911E8 /* LoadCommandsMap.cpp in Sources */ = {isa = PBXBuildFile; fileRef = F36BCD58292C178500C911E8 /* LoadCommandsMap.cpp */; };
		F36BCD5C292C198C00C911E8 /* PrintId.cpp in Sources */ = {isa = PBXBuildFile; fileRef = F36BCD5B292C198C00C911E8 /* PrintId.cpp */; };
		F39FAE8D2929C5450057DC6F /* Base.cpp in Sources */ = {isa = PBXBuildFile; fileRef = F39FAE8C2929C5450057DC6F /* Base.cpp */; };
		F39FAE902929C8370057DC6F /* MachO.cpp in Sources */ = {isa = PBXBuildFile; fileRef = F39FAE8F2929C8370057DC6F /* MachO.cpp */; };
		F3B0E4DF292CB0D5009D3D61 /* PrintLibraries.cpp in Sources */ = {isa = PBXBuildFile; fileRef = F3B0E4DE292CB0D5009D3D61 /* PrintLibraries.cpp */; };
		F3B0E4E2292CBE4E009D3D61 /* PrintUtils.cpp in Sources */ = {isa = PBXBuildFile; fileRef = F3B0E4E1292CBE4E009D3D61 /* PrintUtils.cpp */; };
		F3B0E4E4292D4E38009D3D61 /* Misc.cpp in Sources */ = {isa = PBXBuildFile; fileRef = F3B0E4E3292D4E38009D3D61 /* Misc.cpp */; };
		F3B6EB36292C606100098762 /* PrintLoadCommands.cpp in Sources */ = {isa = PBXBuildFile; fileRef = F3B6EB35292C606100098762 /* PrintLoadCommands.cpp */; };
/* End PBXBuildFile section */

/* Begin PBXCopyFilesBuildPhase section */
		F33C25BD28EA144500289314 /* CopyFiles */ = {
			isa = PBXCopyFilesBuildPhase;
			buildActionMask = 2147483647;
			dstPath = /usr/share/man/man1/;
			dstSubfolderSpec = 0;
			files = (
			);
			runOnlyForDeploymentPostprocessing = 1;
		};
/* End PBXCopyFilesBuildPhase section */

/* Begin PBXFileReference section */
		F308429A2921CCAC00D989D8 /* FileMap.h */ = {isa = PBXFileReference; lastKnownFileType = sourcecode.c.h; name = FileMap.h; path = ../include/ADT/FileMap.h; sourceTree = "<group>"; };
		F308429C2921CD1500D989D8 /* FileMap.cpp */ = {isa = PBXFileReference; lastKnownFileType = sourcecode.cpp.cpp; name = FileMap.cpp; path = ../src/ADT/FileMap.cpp; sourceTree = "<group>"; };
		F30BB524292A267000AF300B /* SwitchEndian.h */ = {isa = PBXFileReference; lastKnownFileType = sourcecode.c.h; name = SwitchEndian.h; path = ../include/ADT/SwitchEndian.h; sourceTree = "<group>"; };
		F30BB525292ADE8F00AF300B /* Misc.h */ = {isa = PBXFileReference; lastKnownFileType = sourcecode.c.h; name = Misc.h; path = ../include/ADT/Misc.h; sourceTree = "<group>"; };
		F32062A129248580002B99D9 /* Kind.h */ = {isa = PBXFileReference; lastKnownFileType = sourcecode.c.h; name = Kind.h; path = ../include/Operations/Kind.h; sourceTree = "<group>"; };
		F32062A529248857002B99D9 /* PrintHeader.cpp */ = {isa = PBXFileReference; lastKnownFileType = sourcecode.cpp.cpp; name = PrintHeader.cpp; path = ../src/Operations/PrintHeader.cpp; sourceTree = "<group>"; };
		F32062A82924887A002B99D9 /* PrintHeader.h */ = {isa = PBXFileReference; lastKnownFileType = sourcecode.c.h; name = PrintHeader.h; path = ../include/Operations/PrintHeader.h; sourceTree = "<group>"; };
		F33C25BF28EA144500289314 /* ktool */ = {isa = PBXFileReference; explicitFileType = "compiled.mach-o.executable"; includeInIndex = 0; path = ktool; sourceTree = BUILT_PRODUCTS_DIR; };
		F33C25CA28EA146700289314 /* main.cpp */ = {isa = PBXFileReference; fileEncoding = 4; lastKnownFileType = sourcecode.cpp.cpp; name = main.cpp; path = ../src/main.cpp; sourceTree = "<group>"; };
		F33F6FFA28EE46C600A4563B /* FlagsBase.h */ = {isa = PBXFileReference; lastKnownFileType = sourcecode.c.h; name = FlagsBase.h; path = ../include/ADT/FlagsBase.h; sourceTree = "<group>"; };
		F34C28252929D4880010B711 /* Kind.h */ = {isa = PBXFileReference; lastKnownFileType = sourcecode.c.h; name = Kind.h; path = ../include/Objects/Kind.h; sourceTree = "<group>"; };
		F34C2827292A10DF0010B711 /* FatMachO.h */ = {isa = PBXFileReference; lastKnownFileType = sourcecode.c.h; name = FatMachO.h; path = ../include/Objects/FatMachO.h; sourceTree = "<group>"; };
		F34C2828292A11040010B711 /* Fat.h */ = {isa = PBXFileReference; lastKnownFileType = sourcecode.c.h; name = Fat.h; path = ../include/MachO/Fat.h; sourceTree = "<group>"; };
		F34C2829292A11390010B711 /* Magic.h */ = {isa = PBXFileReference; lastKnownFileType = sourcecode.c.h; name = Magic.h; path = ../include/MachO/Magic.h; sourceTree = "<group>"; };
		F34C282A292A12ED0010B711 /* FatMachO.cpp */ = {isa = PBXFileReference; lastKnownFileType = sourcecode.cpp.cpp; name = FatMachO.cpp; path = ../src/Objects/FatMachO.cpp; sourceTree = "<group>"; };
		F36BCD54292C092000C911E8 /* Base.cpp */ = {isa = PBXFileReference; lastKnownFileType = sourcecode.cpp.cpp; name = Base.cpp; path = ../src/Operations/Base.cpp; sourceTree = "<group>"; };
		F36BCD56292C15B900C911E8 /* LoadCommandsMap.h */ = {isa = PBXFileReference; lastKnownFileType = sourcecode.c.h; name = LoadCommandsMap.h; path = ../include/MachO/LoadCommandsMap.h; sourceTree = "<group>"; };
		F36BCD58292C178500C911E8 /* LoadCommandsMap.cpp */ = {isa = PBXFileReference; lastKnownFileType = sourcecode.cpp.cpp; name = LoadCommandsMap.cpp; path = ../src/MachO/LoadCommandsMap.cpp; sourceTree = "<group>"; };
		F36BCD5A292C195C00C911E8 /* PrintId.h */ = {isa = PBXFileReference; lastKnownFileType = sourcecode.c.h; name = PrintId.h; path = ../include/Operations/PrintId.h; sourceTree = "<group>"; };
		F36BCD5B292C198C00C911E8 /* PrintId.cpp */ = {isa = PBXFileReference; lastKnownFileType = sourcecode.cpp.cpp; name = PrintId.cpp; path = ../src/Operations/PrintId.cpp; sourceTree = "<group>"; };
		F39FAE882929C0A50057DC6F /* MachO.h */ = {isa = PBXFileReference; lastKnownFileType = sourcecode.c.h; name = MachO.h; path = ../include/Objects/MachO.h; sourceTree = "<group>"; };
		F39FAE892929C0BD0057DC6F /* Base.h */ = {isa = PBXFileReference; lastKnownFileType = sourcecode.c.h; name = Base.h; path = ../include/Objects/Base.h; sourceTree = "<group>"; };
		F39FAE8A2929C1B50057DC6F /* MemoryMap.h */ = {isa = PBXFileReference; lastKnownFileType = sourcecode.c.h; name = MemoryMap.h; path = ../include/ADT/MemoryMap.h; sourceTree = "<group>"; };
		F39FAE8C2929C5450057DC6F /* Base.cpp */ = {isa = PBXFileReference; lastKnownFileType = sourcecode.cpp.cpp; name = Base.cpp; path = ../src/Objects/Base.cpp; sourceTree = "<group>"; };
		F39FAE8E2929C5970057DC6F /* PointerOrError.h */ = {isa = PBXFileReference; lastKnownFileType = sourcecode.c.h; name = PointerOrError.h; path = ../include/ADT/PointerOrError.h; sourceTree = "<group>"; };
		F39FAE8F2929C8370057DC6F /* MachO.cpp */ = {isa = PBXFileReference; lastKnownFileType = sourcecode.cpp.cpp; name = MachO.cpp; path = ../src/Objects/MachO.cpp; sourceTree = "<group>"; };
		F39FAE912929CD670057DC6F /* Base.h */ = {isa = PBXFileReference; lastKnownFileType = sourcecode.c.h; name = Base.h; path = ../include/Operations/Base.h; sourceTree = "<group>"; };
		F3AD81F828ECBD74005DE822 /* Range.h */ = {isa = PBXFileReference; lastKnownFileType = sourcecode.c.h; name = Range.h; path = ../include/ADT/Range.h; sourceTree = "<group>"; };
		F3AD81FC28ECBF52005DE822 /* Machine.h */ = {isa = PBXFileReference; lastKnownFileType = sourcecode.c.h; name = Machine.h; path = ../include/Mach/Machine.h; sourceTree = "<group>"; };
		F3AD81FD28ECBF56005DE822 /* Header.h */ = {isa = PBXFileReference; lastKnownFileType = sourcecode.c.h; name = Header.h; path = ../include/MachO/Header.h; sourceTree = "<group>"; };
		F3AD81FE28ECBF9D005DE822 /* VmProt.h */ = {isa = PBXFileReference; lastKnownFileType = sourcecode.c.h; name = VmProt.h; path = ../include/Mach/VmProt.h; sourceTree = "<group>"; };
		F3AD81FF28ECC6D9005DE822 /* README.md */ = {isa = PBXFileReference; fileEncoding = 4; lastKnownFileType = net.daringfireball.markdown; name = README.md; path = ../README.md; sourceTree = "<group>"; };
		F3AD820028ECC6D9005DE822 /* Makefile */ = {isa = PBXFileReference; fileEncoding = 4; lastKnownFileType = sourcecode.make; name = Makefile; path = ../Makefile; sourceTree = "<group>"; };
		F3B00A8C28F7E13400F9E004 /* PackedVersion.h */ = {isa = PBXFileReference; lastKnownFileType = sourcecode.c.h; name = PackedVersion.h; path = ../include/Dyld3/PackedVersion.h; sourceTree = "<group>"; };
		F3B00A8D28F7ED9B00F9E004 /* Platform.h */ = {isa = PBXFileReference; lastKnownFileType = sourcecode.c.h; name = Platform.h; path = ../include/Dyld3/Platform.h; sourceTree = "<group>"; };
		F3B0E4DD292CB0CD009D3D61 /* PrintLibraries.h */ = {isa = PBXFileReference; lastKnownFileType = sourcecode.c.h; name = PrintLibraries.h; path = ../include/Operations/PrintLibraries.h; sourceTree = "<group>"; };
		F3B0E4DE292CB0D5009D3D61 /* PrintLibraries.cpp */ = {isa = PBXFileReference; fileEncoding = 4; lastKnownFileType = sourcecode.cpp.cpp; name = PrintLibraries.cpp; path = ../src/Operations/PrintLibraries.cpp; sourceTree = "<group>"; };
		F3B0E4E0292CBB89009D3D61 /* Maximizer.h */ = {isa = PBXFileReference; lastKnownFileType = sourcecode.c.h; name = Maximizer.h; path = ../include/ADT/Maximizer.h; sourceTree = "<group>"; };
		F3B0E4E1292CBE4E009D3D61 /* PrintUtils.cpp */ = {isa = PBXFileReference; lastKnownFileType = sourcecode.cpp.cpp; name = PrintUtils.cpp; path = ../src/ADT/PrintUtils.cpp; sourceTree = "<group>"; };
		F3B0E4E3292D4E38009D3D61 /* Misc.cpp */ = {isa = PBXFileReference; lastKnownFileType = sourcecode.cpp.cpp; name = Misc.cpp; path = ../src/ADT/Misc.cpp; sourceTree = "<group>"; };
		F3B6EB34292C601C00098762 /* PrintLoadCommands.h */ = {isa = PBXFileReference; lastKnownFileType = sourcecode.c.h; name = PrintLoadCommands.h; path = ../include/Operations/PrintLoadCommands.h; sourceTree = "<group>"; };
		F3B6EB35292C606100098762 /* PrintLoadCommands.cpp */ = {isa = PBXFileReference; lastKnownFileType = sourcecode.cpp.cpp; name = PrintLoadCommands.cpp; path = ../src/Operations/PrintLoadCommands.cpp; sourceTree = "<group>"; };
		F3B6EB37292C632100098762 /* PrintUtils.h */ = {isa = PBXFileReference; lastKnownFileType = sourcecode.c.h; name = PrintUtils.h; path = ../include/ADT/PrintUtils.h; sourceTree = "<group>"; };
		F3EFBBFF28ED3CAC006FB054 /* LoadCommands.h */ = {isa = PBXFileReference; lastKnownFileType = sourcecode.c.h; name = LoadCommands.h; path = ../include/MachO/LoadCommands.h; sourceTree = "<group>"; };
/* End PBXFileReference section */

/* Begin PBXFrameworksBuildPhase section */
		F33C25BC28EA144500289314 /* Frameworks */ = {
			isa = PBXFrameworksBuildPhase;
			buildActionMask = 2147483647;
			files = (
			);
			runOnlyForDeploymentPostprocessing = 0;
		};
/* End PBXFrameworksBuildPhase section */

/* Begin PBXGroup section */
		F308429B2921CD0000D989D8 /* ADT */ = {
			isa = PBXGroup;
			children = (
				F308429C2921CD1500D989D8 /* FileMap.cpp */,
				F3B0E4E1292CBE4E009D3D61 /* PrintUtils.cpp */,
				F3B0E4E3292D4E38009D3D61 /* Misc.cpp */,
			);
			name = ADT;
			sourceTree = "<group>";
		};
		F32062A02924855B002B99D9 /* Operations */ = {
			isa = PBXGroup;
			children = (
				F39FAE912929CD670057DC6F /* Base.h */,
				F32062A129248580002B99D9 /* Kind.h */,
				F32062A82924887A002B99D9 /* PrintHeader.h */,
				F36BCD5A292C195C00C911E8 /* PrintId.h */,
				F3B0E4DD292CB0CD009D3D61 /* PrintLibraries.h */,
				F3B6EB34292C601C00098762 /* PrintLoadCommands.h */,
			);
			name = Operations;
			sourceTree = "<group>";
		};
		F32062A42924883A002B99D9 /* Operations */ = {
			isa = PBXGroup;
			children = (
				F36BCD54292C092000C911E8 /* Base.cpp */,
				F32062A529248857002B99D9 /* PrintHeader.cpp */,
				F36BCD5B292C198C00C911E8 /* PrintId.cpp */,
				F3B0E4DE292CB0D5009D3D61 /* PrintLibraries.cpp */,
				F3B6EB35292C606100098762 /* PrintLoadCommands.cpp */,
			);
			name = Operations;
			sourceTree = "<group>";
		};
		F33C25B628EA144500289314 = {
			isa = PBXGroup;
			children = (
				F3AD820028ECC6D9005DE822 /* Makefile */,
				F3AD81FF28ECC6D9005DE822 /* README.md */,
				F33C25CD28EA147700289314 /* include */,
				F33C25C928EA145D00289314 /* src */,
				F33C25C028EA144500289314 /* Products */,
			);
			sourceTree = "<group>";
		};
		F33C25C028EA144500289314 /* Products */ = {
			isa = PBXGroup;
			children = (
				F33C25BF28EA144500289314 /* ktool */,
			);
			name = Products;
			sourceTree = "<group>";
		};
		F33C25C928EA145D00289314 /* src */ = {
			isa = PBXGroup;
			children = (
				F308429B2921CD0000D989D8 /* ADT */,
				F36BCD57292C176D00C911E8 /* MachO */,
				F39FAE8B2929C52D0057DC6F /* Objects */,
				F32062A42924883A002B99D9 /* Operations */,
				F33C25CA28EA146700289314 /* main.cpp */,
			);
			name = src;
			sourceTree = "<group>";
		};
		F33C25CD28EA147700289314 /* include */ = {
			isa = PBXGroup;
			children = (
				F3AD81F728ECBD65005DE822 /* ADT */,
				F3B00A8B28F7E11E00F9E004 /* Dyld3 */,
				F3AD81F928ECBD8B005DE822 /* Mach */,
				F33C25CF28EA14D300289314 /* MachO */,
				F39FAE872929C07F0057DC6F /* Objects */,
				F32062A02924855B002B99D9 /* Operations */,
			);
			name = include;
			sourceTree = "<group>";
		};
		F33C25CF28EA14D300289314 /* MachO */ = {
			isa = PBXGroup;
			children = (
				F34C2828292A11040010B711 /* Fat.h */,
				F3AD81FD28ECBF56005DE822 /* Header.h */,
				F3EFBBFF28ED3CAC006FB054 /* LoadCommands.h */,
				F36BCD56292C15B900C911E8 /* LoadCommandsMap.h */,
				F34C2829292A11390010B711 /* Magic.h */,
			);
			name = MachO;
			sourceTree = "<group>";
		};
		F36BCD57292C176D00C911E8 /* MachO */ = {
			isa = PBXGroup;
			children = (
				F36BCD58292C178500C911E8 /* LoadCommandsMap.cpp */,
			);
			name = MachO;
			sourceTree = "<group>";
		};
		F39FAE872929C07F0057DC6F /* Objects */ = {
			isa = PBXGroup;
			children = (
				F39FAE892929C0BD0057DC6F /* Base.h */,
				F34C28252929D4880010B711 /* Kind.h */,
				F34C2827292A10DF0010B711 /* FatMachO.h */,
				F39FAE882929C0A50057DC6F /* MachO.h */,
			);
			name = Objects;
			sourceTree = "<group>";
		};
		F39FAE8B2929C52D0057DC6F /* Objects */ = {
			isa = PBXGroup;
			children = (
				F39FAE8C2929C5450057DC6F /* Base.cpp */,
				F34C282A292A12ED0010B711 /* FatMachO.cpp */,
				F39FAE8F2929C8370057DC6F /* MachO.cpp */,
			);
			name = Objects;
			sourceTree = "<group>";
		};
		F3AD81F728ECBD65005DE822 /* ADT */ = {
			isa = PBXGroup;
			children = (
				F33F6FFA28EE46C600A4563B /* FlagsBase.h */,
				F308429A2921CCAC00D989D8 /* FileMap.h */,
				F3AD81F828ECBD74005DE822 /* Range.h */,
				F39FAE8A2929C1B50057DC6F /* MemoryMap.h */,
				F3B0E4E0292CBB89009D3D61 /* Maximizer.h */,
				F30BB525292ADE8F00AF300B /* Misc.h */,
				F39FAE8E2929C5970057DC6F /* PointerOrError.h */,
				F3B6EB37292C632100098762 /* PrintUtils.h */,
				F30BB524292A267000AF300B /* SwitchEndian.h */,
			);
			name = ADT;
			sourceTree = "<group>";
		};
		F3AD81F928ECBD8B005DE822 /* Mach */ = {
			isa = PBXGroup;
			children = (
				F3AD81FC28ECBF52005DE822 /* Machine.h */,
				F3AD81FE28ECBF9D005DE822 /* VmProt.h */,
			);
			name = Mach;
			sourceTree = "<group>";
		};
		F3B00A8B28F7E11E00F9E004 /* Dyld3 */ = {
			isa = PBXGroup;
			children = (
				F3B00A8C28F7E13400F9E004 /* PackedVersion.h */,
				F3B00A8D28F7ED9B00F9E004 /* Platform.h */,
			);
			name = Dyld3;
			sourceTree = "<group>";
		};
/* End PBXGroup section */

/* Begin PBXNativeTarget section */
		F33C25BE28EA144500289314 /* ktool */ = {
			isa = PBXNativeTarget;
			buildConfigurationList = F33C25C628EA144500289314 /* Build configuration list for PBXNativeTarget "ktool" */;
			buildPhases = (
				F33C25BB28EA144500289314 /* Sources */,
				F33C25BC28EA144500289314 /* Frameworks */,
				F33C25BD28EA144500289314 /* CopyFiles */,
			);
			buildRules = (
			);
			dependencies = (
			);
			name = ktool;
			productName = ktool;
			productReference = F33C25BF28EA144500289314 /* ktool */;
			productType = "com.apple.product-type.tool";
		};
/* End PBXNativeTarget section */

/* Begin PBXProject section */
		F33C25B728EA144500289314 /* Project object */ = {
			isa = PBXProject;
			attributes = {
				BuildIndependentTargetsInParallel = 1;
				LastUpgradeCheck = 1410;
				TargetAttributes = {
					F33C25BE28EA144500289314 = {
						CreatedOnToolsVersion = 14.0;
					};
				};
			};
			buildConfigurationList = F33C25BA28EA144500289314 /* Build configuration list for PBXProject "ktool" */;
			compatibilityVersion = "Xcode 14.0";
			developmentRegion = en;
			hasScannedForEncodings = 0;
			knownRegions = (
				en,
				Base,
			);
			mainGroup = F33C25B628EA144500289314;
			productRefGroup = F33C25C028EA144500289314 /* Products */;
			projectDirPath = "";
			projectRoot = "";
			targets = (
				F33C25BE28EA144500289314 /* ktool */,
			);
		};
/* End PBXProject section */

/* Begin PBXSourcesBuildPhase section */
		F33C25BB28EA144500289314 /* Sources */ = {
			isa = PBXSourcesBuildPhase;
			buildActionMask = 2147483647;
			files = (
				F39FAE8D2929C5450057DC6F /* Base.cpp in Sources */,
				F36BCD5C292C198C00C911E8 /* PrintId.cpp in Sources */,
				F39FAE902929C8370057DC6F /* MachO.cpp in Sources */,
				F3B0E4E4292D4E38009D3D61 /* Misc.cpp in Sources */,
				F308429D2921CD1500D989D8 /* FileMap.cpp in Sources */,
				F33C25CB28EA146700289314 /* main.cpp in Sources */,
				F3B0E4E2292CBE4E009D3D61 /* PrintUtils.cpp in Sources */,
				F3B6EB36292C606100098762 /* PrintLoadCommands.cpp in Sources */,
				F36BCD59292C178500C911E8 /* LoadCommandsMap.cpp in Sources */,
				F34C282B292A12ED0010B711 /* FatMachO.cpp in Sources */,
				F32062A629248857002B99D9 /* PrintHeader.cpp in Sources */,
				F3B0E4DF292CB0D5009D3D61 /* PrintLibraries.cpp in Sources */,
				F36BCD55292C092000C911E8 /* Base.cpp in Sources */,
			);
			runOnlyForDeploymentPostprocessing = 0;
		};
/* End PBXSourcesBuildPhase section */

/* Begin XCBuildConfiguration section */
		F33C25C428EA144500289314 /* Debug */ = {
			isa = XCBuildConfiguration;
			buildSettings = {
				ALWAYS_SEARCH_USER_PATHS = NO;
				CLANG_ANALYZER_NONNULL = YES;
				CLANG_ANALYZER_NUMBER_OBJECT_CONVERSION = YES_AGGRESSIVE;
				CLANG_CXX_LANGUAGE_STANDARD = "gnu++20";
				CLANG_ENABLE_MODULES = YES;
				CLANG_ENABLE_OBJC_ARC = YES;
				CLANG_ENABLE_OBJC_WEAK = YES;
				CLANG_WARN_BLOCK_CAPTURE_AUTORELEASING = YES;
				CLANG_WARN_BOOL_CONVERSION = YES;
				CLANG_WARN_COMMA = YES;
				CLANG_WARN_CONSTANT_CONVERSION = YES;
				CLANG_WARN_DEPRECATED_OBJC_IMPLEMENTATIONS = YES;
				CLANG_WARN_DIRECT_OBJC_ISA_USAGE = YES_ERROR;
				CLANG_WARN_DOCUMENTATION_COMMENTS = YES;
				CLANG_WARN_EMPTY_BODY = YES;
				CLANG_WARN_ENUM_CONVERSION = YES;
				CLANG_WARN_INFINITE_RECURSION = YES;
				CLANG_WARN_INT_CONVERSION = YES;
				CLANG_WARN_NON_LITERAL_NULL_CONVERSION = YES;
				CLANG_WARN_OBJC_IMPLICIT_RETAIN_SELF = YES;
				CLANG_WARN_OBJC_LITERAL_CONVERSION = YES;
				CLANG_WARN_OBJC_ROOT_CLASS = YES_ERROR;
				CLANG_WARN_QUOTED_INCLUDE_IN_FRAMEWORK_HEADER = YES;
				CLANG_WARN_RANGE_LOOP_ANALYSIS = YES;
				CLANG_WARN_STRICT_PROTOTYPES = YES;
				CLANG_WARN_SUSPICIOUS_MOVE = YES;
				CLANG_WARN_UNGUARDED_AVAILABILITY = YES_AGGRESSIVE;
				CLANG_WARN_UNREACHABLE_CODE = YES;
				CLANG_WARN__DUPLICATE_METHOD_MATCH = YES;
				COPY_PHASE_STRIP = NO;
				DEAD_CODE_STRIPPING = YES;
				DEBUG_INFORMATION_FORMAT = dwarf;
				ENABLE_STRICT_OBJC_MSGSEND = YES;
				ENABLE_TESTABILITY = YES;
				GCC_C_LANGUAGE_STANDARD = gnu11;
				GCC_DYNAMIC_NO_PIC = NO;
				GCC_NO_COMMON_BLOCKS = YES;
				GCC_OPTIMIZATION_LEVEL = 0;
				GCC_PREPROCESSOR_DEFINITIONS = (
					"DEBUG=1",
					"$(inherited)",
				);
				GCC_WARN_64_TO_32_BIT_CONVERSION = YES;
				GCC_WARN_ABOUT_RETURN_TYPE = YES_ERROR;
				GCC_WARN_UNDECLARED_SELECTOR = YES;
				GCC_WARN_UNINITIALIZED_AUTOS = YES_AGGRESSIVE;
				GCC_WARN_UNUSED_FUNCTION = YES;
				GCC_WARN_UNUSED_VARIABLE = YES;
				MACOSX_DEPLOYMENT_TARGET = 12.3;
				MTL_ENABLE_DEBUG_INFO = INCLUDE_SOURCE;
				MTL_FAST_MATH = YES;
				ONLY_ACTIVE_ARCH = YES;
				SDKROOT = macosx;
			};
			name = Debug;
		};
		F33C25C528EA144500289314 /* Release */ = {
			isa = XCBuildConfiguration;
			buildSettings = {
				ALWAYS_SEARCH_USER_PATHS = NO;
				CLANG_ANALYZER_NONNULL = YES;
				CLANG_ANALYZER_NUMBER_OBJECT_CONVERSION = YES_AGGRESSIVE;
				CLANG_CXX_LANGUAGE_STANDARD = "gnu++20";
				CLANG_ENABLE_MODULES = YES;
				CLANG_ENABLE_OBJC_ARC = YES;
				CLANG_ENABLE_OBJC_WEAK = YES;
				CLANG_WARN_BLOCK_CAPTURE_AUTORELEASING = YES;
				CLANG_WARN_BOOL_CONVERSION = YES;
				CLANG_WARN_COMMA = YES;
				CLANG_WARN_CONSTANT_CONVERSION = YES;
				CLANG_WARN_DEPRECATED_OBJC_IMPLEMENTATIONS = YES;
				CLANG_WARN_DIRECT_OBJC_ISA_USAGE = YES_ERROR;
				CLANG_WARN_DOCUMENTATION_COMMENTS = YES;
				CLANG_WARN_EMPTY_BODY = YES;
				CLANG_WARN_ENUM_CONVERSION = YES;
				CLANG_WARN_INFINITE_RECURSION = YES;
				CLANG_WARN_INT_CONVERSION = YES;
				CLANG_WARN_NON_LITERAL_NULL_CONVERSION = YES;
				CLANG_WARN_OBJC_IMPLICIT_RETAIN_SELF = YES;
				CLANG_WARN_OBJC_LITERAL_CONVERSION = YES;
				CLANG_WARN_OBJC_ROOT_CLASS = YES_ERROR;
				CLANG_WARN_QUOTED_INCLUDE_IN_FRAMEWORK_HEADER = YES;
				CLANG_WARN_RANGE_LOOP_ANALYSIS = YES;
				CLANG_WARN_STRICT_PROTOTYPES = YES;
				CLANG_WARN_SUSPICIOUS_MOVE = YES;
				CLANG_WARN_UNGUARDED_AVAILABILITY = YES_AGGRESSIVE;
				CLANG_WARN_UNREACHABLE_CODE = YES;
				CLANG_WARN__DUPLICATE_METHOD_MATCH = YES;
				COPY_PHASE_STRIP = NO;
				DEAD_CODE_STRIPPING = YES;
				DEBUG_INFORMATION_FORMAT = "dwarf-with-dsym";
				ENABLE_NS_ASSERTIONS = NO;
				ENABLE_STRICT_OBJC_MSGSEND = YES;
				GCC_C_LANGUAGE_STANDARD = gnu11;
				GCC_NO_COMMON_BLOCKS = YES;
				GCC_WARN_64_TO_32_BIT_CONVERSION = YES;
				GCC_WARN_ABOUT_RETURN_TYPE = YES_ERROR;
				GCC_WARN_UNDECLARED_SELECTOR = YES;
				GCC_WARN_UNINITIALIZED_AUTOS = YES_AGGRESSIVE;
				GCC_WARN_UNUSED_FUNCTION = YES;
				GCC_WARN_UNUSED_VARIABLE = YES;
				MACOSX_DEPLOYMENT_TARGET = 12.3;
				MTL_ENABLE_DEBUG_INFO = NO;
				MTL_FAST_MATH = YES;
				SDKROOT = macosx;
			};
			name = Release;
		};
		F33C25C728EA144500289314 /* Debug */ = {
			isa = XCBuildConfiguration;
			buildSettings = {
				CLANG_CXX_LANGUAGE_STANDARD = "gnu++20";
				CODE_SIGN_IDENTITY = "-";
				CODE_SIGN_STYLE = Automatic;
				DEAD_CODE_STRIPPING = YES;
				OTHER_CFLAGS = (
					"-I${PROJECT_DIR}/../include",
					"-I${PROJECT_DIR}/../External/fmt/include",
				);
				PRODUCT_NAME = "$(TARGET_NAME)";
			};
			name = Debug;
		};
		F33C25C828EA144500289314 /* Release */ = {
			isa = XCBuildConfiguration;
			buildSettings = {
				CLANG_CXX_LANGUAGE_STANDARD = "gnu++20";
				CODE_SIGN_IDENTITY = "-";
				CODE_SIGN_STYLE = Automatic;
				DEAD_CODE_STRIPPING = YES;
				OTHER_CFLAGS = (
					"-I${PROJECT_DIR}/../include",
					"-I${PROJECT_DIR}/../External/fmt/include",
				);
				PRODUCT_NAME = "$(TARGET_NAME)";
			};
			name = Release;
		};
/* End XCBuildConfiguration section */

/* Begin XCConfigurationList section */
		F33C25BA28EA144500289314 /* Build configuration list for PBXProject "ktool" */ = {
			isa = XCConfigurationList;
			buildConfigurations = (
				F33C25C428EA144500289314 /* Debug */,
				F33C25C528EA144500289314 /* Release */,
			);
			defaultConfigurationIsVisible = 0;
			defaultConfigurationName = Release;
		};
		F33C25C628EA144500289314 /* Build configuration list for PBXNativeTarget "ktool" */ = {
			isa = XCConfigurationList;
			buildConfigurations = (
				F33C25C728EA144500289314 /* Debug */,
				F33C25C828EA144500289314 /* Release */,
			);
			defaultConfigurationIsVisible = 0;
			defaultConfigurationName = Release;
		};
/* End XCConfigurationList section */
	};
	rootObject = F33C25B728EA144500289314 /* Project object */;
}
